{
  "version": 4,
  "terraform_version": "1.14.8",
  "serial": 212,
  "lineage": "a9656675-8c12-e8d8-8735-dd3028cdf457",
  "outputs": {},
  "resources": [
    {
      "mode": "managed",
      "type": "yandex_alb_backend_group",
      "name": "apigw",
      "provider": "provider[\"registry.terraform.io/yandex-cloud/yandex\"]",
      "instances": [
        {
          "schema_version": 0,
          "attributes": {
            "created_at": "2026-04-05T18:55:46Z",
            "description": "",
            "folder_id": "b1gom1kd1d911i28djs8",
            "grpc_backend": [],
            "http_backend": [
              {
                "healthcheck": [
                  {
                    "grpc_healthcheck": [],
                    "healthcheck_port": 0,
                    "healthy_threshold": 2,
                    "http_healthcheck": [
                      {
                        "expected_statuses": [],
                        "host": "",
                        "http2": false,
                        "path": "/health"
                      }
                    ],
                    "interval": "15s",
                    "interval_jitter_percent": 0,
                    "stream_healthcheck": [],
                    "timeout": "10s",
                    "unhealthy_threshold": 3
                  }
                ],
                "http2": false,
                "load_balancing_config": [],
                "name": "apigw-backend",
                "port": 8080,
                "storage_bucket": "",
                "target_group_ids": [
                  "ds7ecafdtj991pssori6"
                ],
                "tls": [],
                "weight": 1
              }
            ],
            "id": "ds7qccnck9gu5nld7ggd",
            "labels": {
              "environment": "prod",
              "managed_by": "terraform",
              "project": "future2"
            },
            "name": "future2-prod-bg-apigw",
            "session_affinity": [],
            "stream_backend": [],
            "timeouts": null
          },
          "sensitive_attributes": [],
          "identity_schema_version": 0,
          "private": "eyJlMmJmYjczMC1lY2FhLTExZTYtOGY4OC0zNDM2M2JjN2M0YzAiOnsiY3JlYXRlIjozMDAwMDAwMDAwMDAsImRlbGV0ZSI6MzAwMDAwMDAwMDAwLCJ1cGRhdGUiOjMwMDAwMDAwMDAwMH19",
          "dependencies": [
            "yandex_alb_target_group.apigw",
            "yandex_compute_instance.apigw",
            "yandex_vpc_gateway.nat",
            "yandex_vpc_network.main",
            "yandex_vpc_route_table.private",
            "yandex_vpc_security_group.alb",
            "yandex_vpc_security_group.app",
            "yandex_vpc_subnet.app"
          ]
        }
      ]
    },
    {
      "mode": "managed",
      "type": "yandex_alb_http_router",
      "name": "main",
      "provider": "provider[\"registry.terraform.io/yandex-cloud/yandex\"]",
      "instances": [
        {
          "schema_version": 0,
          "attributes": {
            "created_at": "2026-04-05T18:53:55Z",
            "description": "",
            "folder_id": "b1gom1kd1d911i28djs8",
            "id": "ds75piosfjn8jfjsccq4",
            "labels": {
              "environment": "prod",
              "managed_by": "terraform",
              "project": "future2"
            },
            "name": "future2-prod-router",
            "route_options": [],
            "timeouts": null
          },
          "sensitive_attributes": [],
          "identity_schema_version": 0,
          "private": "eyJlMmJmYjczMC1lY2FhLTExZTYtOGY4OC0zNDM2M2JjN2M0YzAiOnsiY3JlYXRlIjozMDAwMDAwMDAwMDAsImRlbGV0ZSI6MzAwMDAwMDAwMDAwLCJ1cGRhdGUiOjMwMDAwMDAwMDAwMH19"
        }
      ]
    },
    {
      "mode": "managed",
      "type": "yandex_alb_load_balancer",
      "name": "main",
      "provider": "provider[\"registry.terraform.io/yandex-cloud/yandex\"]",
      "instances": [
        {
          "schema_version": 0,
          "attributes": {
            "allocation_policy": [
              {
                "location": [
                  {
                    "disable_traffic": false,
                    "subnet_id": "e9b7shi9156tmhqvqin4",
                    "zone_id": "ru-central1-a"
                  }
                ]
              }
            ],
            "allow_zonal_shift": false,
            "auto_scale_policy": [],
            "created_at": "2026-04-05T18:54:08Z",
            "description": "",
            "folder_id": "b1gom1kd1d911i28djs8",
            "id": "ds7q7e4k06e824c016lt",
            "labels": {
              "environment": "prod",
              "managed_by": "terraform",
              "project": "future2"
            },
            "listener": [
              {
                "endpoint": [
                  {
                    "address": [
                      {
                        "external_ipv4_address": [
                          {
                            "address": "158.160.165.74"
                          }
                        ],
                        "external_ipv6_address": [],
                        "internal_ipv4_address": []
                      }
                    ],
                    "ports": [
                      443
                    ]
                  }
                ],
                "http": [
                  {
                    "handler": [
                      {
                        "allow_http10": false,
                        "http2_options": [],
                        "http_router_id": "ds75piosfjn8jfjsccq4",
                        "rewrite_request_id": false
                      }
                    ],
                    "redirects": []
                  }
                ],
                "name": "https-listener",
                "stream": [],
                "tls": []
              },
              {
                "endpoint": [
                  {
                    "address": [
                      {
                        "external_ipv4_address": [
                          {
                            "address": "158.160.165.74"
                          }
                        ],
                        "external_ipv6_address": [],
                        "internal_ipv4_address": []
                      }
                    ],
                    "ports": [
                      80
                    ]
                  }
                ],
                "http": [
                  {
                    "handler": [],
                    "redirects": [
                      {
                        "http_to_https": true
                      }
                    ]
                  }
                ],
                "name": "http-redirect",
                "stream": [],
                "tls": []
              }
            ],
            "log_group_id": "",
            "log_options": [],
            "name": "future2-prod-alb",
            "network_id": "enpog6b4pojietgaq29o",
            "region_id": "",
            "security_group_ids": [
              "enptqh536dpss0n89ia0"
            ],
            "status": "active",
            "timeouts": null
          },
          "sensitive_attributes": [],
          "identity_schema_version": 0,
          "private": "eyJlMmJmYjczMC1lY2FhLTExZTYtOGY4OC0zNDM2M2JjN2M0YzAiOnsiY3JlYXRlIjo2MDAwMDAwMDAwMDAsImRlbGV0ZSI6NjAwMDAwMDAwMDAwLCJ1cGRhdGUiOjYwMDAwMDAwMDAwMH19",
          "dependencies": [
            "yandex_alb_http_router.main",
            "yandex_vpc_network.main",
            "yandex_vpc_security_group.alb",
            "yandex_vpc_subnet.public"
          ]
        }
      ]
    },
    {
      "mode": "managed",
      "type": "yandex_alb_target_group",
      "name": "apigw",
      "provider": "provider[\"registry.terraform.io/yandex-cloud/yandex\"]",
      "instances": [
        {
          "schema_version": 0,
          "attributes": {
            "created_at": "2026-04-05T18:55:45Z",
            "description": "",
            "folder_id": "b1gom1kd1d911i28djs8",
            "id": "ds7ecafdtj991pssori6",
            "labels": {
              "environment": "prod",
              "managed_by": "terraform",
              "project": "future2"
            },
            "name": "future2-prod-tg-apigw",
            "target": [
              {
                "ip_address": "10.0.2.5",
                "private_ipv4_address": false,
                "subnet_id": "e9b9ls20iuri5inkm8b7"
              },
              {
                "ip_address": "10.0.2.24",
                "private_ipv4_address": false,
                "subnet_id": "e9b9ls20iuri5inkm8b7"
              }
            ],
            "timeouts": null
          },
          "sensitive_attributes": [],
          "identity_schema_version": 0,
          "private": "eyJlMmJmYjczMC1lY2FhLTExZTYtOGY4OC0zNDM2M2JjN2M0YzAiOnsiY3JlYXRlIjozMDAwMDAwMDAwMDAsImRlbGV0ZSI6MzAwMDAwMDAwMDAwLCJ1cGRhdGUiOjMwMDAwMDAwMDAwMH19",
          "dependencies": [
            "yandex_compute_instance.apigw",
            "yandex_vpc_gateway.nat",
            "yandex_vpc_network.main",
            "yandex_vpc_route_table.private",
            "yandex_vpc_security_group.alb",
            "yandex_vpc_security_group.app",
            "yandex_vpc_subnet.app"
          ]
        }
      ]
    },
    {
      "mode": "managed",
      "type": "yandex_alb_virtual_host",
      "name": "main",
      "provider": "provider[\"registry.terraform.io/yandex-cloud/yandex\"]",
      "instances": [
        {
          "schema_version": 0,
          "attributes": {
            "authority": [],
            "http_router_id": "ds75piosfjn8jfjsccq4",
            "id": "ds75piosfjn8jfjsccq4/future2-prod-vhost",
            "modify_request_headers": [],
            "modify_response_headers": [],
            "name": "future2-prod-vhost",
            "rate_limit": [],
            "route": [
              {
                "disable_security_profile": false,
                "grpc_route": [],
                "http_route": [
                  {
                    "direct_response_action": [],
                    "http_match": [],
                    "http_route_action": [
                      {
                        "auto_host_rewrite": false,
                        "backend_group_id": "ds7qccnck9gu5nld7ggd",
                        "host_rewrite": "",
                        "idle_timeout": "",
                        "prefix_rewrite": "",
                        "rate_limit": [],
                        "regex_rewrite": [],
                        "timeout": "1m0s",
                        "upgrade_types": []
                      }
                    ],
                    "redirect_action": []
                  }
                ],
                "name": "default",
                "route_options": []
              }
            ],
            "route_options": [],
            "timeouts": null
          },
          "sensitive_attributes": [],
          "identity_schema_version": 0,
          "private": "eyJlMmJmYjczMC1lY2FhLTExZTYtOGY4OC0zNDM2M2JjN2M0YzAiOnsiY3JlYXRlIjozMDAwMDAwMDAwMDAsImRlbGV0ZSI6MzAwMDAwMDAwMDAwLCJ1cGRhdGUiOjMwMDAwMDAwMDAwMH19",
          "dependencies": [
            "yandex_alb_backend_group.apigw",
            "yandex_alb_http_router.main",
            "yandex_alb_target_group.apigw",
            "yandex_compute_instance.apigw",
            "yandex_vpc_gateway.nat",
            "yandex_vpc_network.main",
            "yandex_vpc_route_table.private",
            "yandex_vpc_security_group.alb",
            "yandex_vpc_security_group.app",
            "yandex_vpc_subnet.app"
          ]
        }
      ]
    },
    {
      "mode": "managed",
      "type": "yandex_compute_disk",
      "name": "kafka_data",
      "provider": "provider[\"registry.terraform.io/yandex-cloud/yandex\"]",
      "instances": [
        {
          "index_key": 0,
          "schema_version": 0,
          "attributes": {
            "allow_recreate": null,
            "block_size": 4096,
            "created_at": "2026-04-05T18:53:56Z",
            "description": "",
            "disk_placement_policy": [
              {
                "disk_placement_group_id": ""
              }
            ],
            "folder_id": "b1gom1kd1d911i28djs8",
            "hardware_generation": [
              {
                "generation2_features": [],
                "legacy_features": [
                  {
                    "pci_topology": "PCI_TOPOLOGY_V2"
                  }
                ]
              }
            ],
            "id": "fhmca9dnjhfp3gsd664m",
            "image_id": "",
            "kms_key_id": null,
            "labels": {
              "environment": "prod",
              "managed_by": "terraform",
              "project": "future2"
            },
            "name": "future2-prod-kafka-data-0",
            "product_ids": [],
            "size": 30,
            "snapshot_id": "",
            "status": "ready",
            "timeouts": null,
            "type": "network-hdd",
            "zone": "ru-central1-a"
          },
          "sensitive_attributes": [],
          "identity_schema_version": 0,
          "private": "eyJlMmJmYjczMC1lY2FhLTExZTYtOGY4OC0zNDM2M2JjN2M0YzAiOnsiY3JlYXRlIjozMDAwMDAwMDAwMDAsImRlbGV0ZSI6MzAwMDAwMDAwMDAwLCJ1cGRhdGUiOjMwMDAwMDAwMDAwMH19"
        },
        {
          "index_key": 1,
          "schema_version": 0,
          "attributes": {
            "allow_recreate": null,
            "block_size": 4096,
            "created_at": "2026-04-05T18:53:56Z",
            "description": "",
            "disk_placement_policy": [
              {
                "disk_placement_group_id": ""
              }
            ],
            "folder_id": "b1gom1kd1d911i28djs8",
            "hardware_generation": [
              {
                "generation2_features": [],
                "legacy_features": [
                  {
                    "pci_topology": "PCI_TOPOLOGY_V2"
                  }
                ]
              }
            ],
            "id": "fhmth5413r8jb1366g9a",
            "image_id": "",
            "kms_key_id": null,
            "labels": {
              "environment": "prod",
              "managed_by": "terraform",
              "project": "future2"
            },
            "name": "future2-prod-kafka-data-1",
            "product_ids": [],
            "size": 30,
            "snapshot_id": "",
            "status": "ready",
            "timeouts": null,
            "type": "network-hdd",
            "zone": "ru-central1-a"
          },
          "sensitive_attributes": [],
          "identity_schema_version": 0,
          "private": "eyJlMmJmYjczMC1lY2FhLTExZTYtOGY4OC0zNDM2M2JjN2M0YzAiOnsiY3JlYXRlIjozMDAwMDAwMDAwMDAsImRlbGV0ZSI6MzAwMDAwMDAwMDAwLCJ1cGRhdGUiOjMwMDAwMDAwMDAwMH19"
        },
        {
          "index_key": 2,
          "schema_version": 0,
          "attributes": {
            "allow_recreate": null,
            "block_size": 4096,
            "created_at": "2026-04-05T18:53:56Z",
            "description": "",
            "disk_placement_policy": [
              {
                "disk_placement_group_id": ""
              }
            ],
            "folder_id": "b1gom1kd1d911i28djs8",
            "hardware_generation": [
              {
                "generation2_features": [],
                "legacy_features": [
                  {
                    "pci_topology": "PCI_TOPOLOGY_V2"
                  }
                ]
              }
            ],
            "id": "fhm7s624cmj7i2h4b3b5",
            "image_id": "",
            "kms_key_id": null,
            "labels": {
              "environment": "prod",
              "managed_by": "terraform",
              "project": "future2"
            },
            "name": "future2-prod-kafka-data-2",
            "product_ids": [],
            "size": 30,
            "snapshot_id": "",
            "status": "ready",
            "timeouts": null,
            "type": "network-hdd",
            "zone": "ru-central1-a"
          },
          "sensitive_attributes": [],
          "identity_schema_version": 0,
          "private": "eyJlMmJmYjczMC1lY2FhLTExZTYtOGY4OC0zNDM2M2JjN2M0YzAiOnsiY3JlYXRlIjozMDAwMDAwMDAwMDAsImRlbGV0ZSI6MzAwMDAwMDAwMDAwLCJ1cGRhdGUiOjMwMDAwMDAwMDAwMH19"
        }
      ]
    },
    {
      "mode": "managed",
      "type": "yandex_compute_disk",
      "name": "monitoring_data",
      "provider": "provider[\"registry.terraform.io/yandex-cloud/yandex\"]",
      "instances": [
        {
          "schema_version": 0,
          "attributes": {
            "allow_recreate": null,
            "block_size": 4096,
            "created_at": "2026-04-05T18:53:56Z",
            "description": "",
            "disk_placement_policy": [
              {
                "disk_placement_group_id": ""
              }
            ],
            "folder_id": "b1gom1kd1d911i28djs8",
            "hardware_generation": [
              {
                "generation2_features": [],
                "legacy_features": [
                  {
                    "pci_topology": "PCI_TOPOLOGY_V2"
                  }
                ]
              }
            ],
            "id": "fhmerp56q39o6apjhf3o",
            "image_id": "",
            "kms_key_id": null,
            "labels": {
              "environment": "prod",
              "managed_by": "terraform",
              "project": "future2"
            },
            "name": "future2-prod-monitoring-data",
            "product_ids": [],
            "size": 50,
            "snapshot_id": "",
            "status": "ready",
            "timeouts": null,
            "type": "network-hdd",
            "zone": "ru-central1-a"
          },
          "sensitive_attributes": [],
          "identity_schema_version": 0,
          "private": "eyJlMmJmYjczMC1lY2FhLTExZTYtOGY4OC0zNDM2M2JjN2M0YzAiOnsiY3JlYXRlIjozMDAwMDAwMDAwMDAsImRlbGV0ZSI6MzAwMDAwMDAwMDAwLCJ1cGRhdGUiOjMwMDAwMDAwMDAwMH19"
        }
      ]
    },
    {
      "mode": "managed",
      "type": "yandex_compute_instance",
      "name": "apigw",
      "provider": "provider[\"registry.terraform.io/yandex-cloud/yandex\"]",
      "instances": [
        {
          "index_key": 0,
          "schema_version": 1,
          "attributes": {
            "allow_recreate": null,
            "allow_stopping_for_update": null,
            "boot_disk": [
              {
                "auto_delete": true,
                "device_name": "fhmq3ec3dvi4kn90dgdd",
                "disk_id": "fhmq3ec3dvi4kn90dgdd",
                "initialize_params": [
                  {
                    "block_size": 4096,
                    "description": "",
                    "image_id": "fd8smb7fj0o91i68s15v",
                    "kms_key_id": "",
                    "name": "",
                    "size": 20,
                    "snapshot_id": "",
                    "type": "network-hdd"
                  }
                ],
                "mode": "READ_WRITE"
              }
            ],
            "created_at": "2026-04-05T18:54:58Z",
            "description": "",
            "filesystem": [],
            "folder_id": "b1gom1kd1d911i28djs8",
            "fqdn": "fhm7scqnfor4bo1b3bfm.auto.internal",
            "gpu_cluster_id": "",
            "hardware_generation": [
              {
                "generation2_features": [],
                "legacy_features": [
                  {
                    "pci_topology": "PCI_TOPOLOGY_V1"
                  }
                ]
              }
            ],
            "hostname": "",
            "id": "fhm7scqnfor4bo1b3bfm",
            "labels": {
              "environment": "prod",
              "managed_by": "terraform",
              "project": "future2"
            },
            "local_disk": [],
            "maintenance_grace_period": "",
            "maintenance_policy": null,
            "metadata": {
              "ssh-keys": "ubuntu:ssh-rsa AAAAB3NzaC1yc2EAAAA... engineer@company"
            },
            "metadata_options": [
              {
                "aws_v1_http_endpoint": 1,
                "aws_v1_http_token": 2,
                "gce_http_endpoint": 1,
                "gce_http_token": 1
              }
            ],
            "name": "future2-prod-apigw-0",
            "network_acceleration_type": "standard",
            "network_interface": [
              {
                "dns_record": [],
                "index": 0,
                "ip_address": "10.0.2.5",
                "ipv4": true,
                "ipv6": false,
                "ipv6_address": "",
                "ipv6_dns_record": [],
                "mac_address": "d0:0d:7e:33:57:7e",
                "nat": false,
                "nat_dns_record": [],
                "nat_ip_address": "",
                "nat_ip_version": "",
                "security_group_ids": [
                  "enprfp585m9asjlll7dh"
                ],
                "subnet_id": "e9b9ls20iuri5inkm8b7"
              }
            ],
            "placement_policy": [
              {
                "host_affinity_rules": [],
                "placement_group_id": "",
                "placement_group_partition": 0
              }
            ],
            "platform_id": "standard-v3",
            "resources": [
              {
                "core_fraction": 100,
                "cores": 2,
                "gpus": 0,
                "memory": 4
              }
            ],
            "scheduling_policy": [
              {
                "preemptible": false
              }
            ],
            "secondary_disk": [],
            "service_account_id": "",
            "status": "running",
            "timeouts": null,
            "zone": "ru-central1-a"
          },
          "sensitive_attributes": [
            [
              {
                "type": "get_attr",
                "value": "metadata"
              },
              {
                "type": "index",
                "value": {
                  "value": "ssh-keys",
                  "type": "string"
                }
              }
            ]
          ],
          "identity_schema_version": 0,
          "private": "eyJlMmJmYjczMC1lY2FhLTExZTYtOGY4OC0zNDM2M2JjN2M0YzAiOnsiY3JlYXRlIjozMDAwMDAwMDAwMDAsImRlbGV0ZSI6MzAwMDAwMDAwMDAwLCJ1cGRhdGUiOjMwMDAwMDAwMDAwMH0sInNjaGVtYV92ZXJzaW9uIjoiMSJ9",
          "dependencies": [
            "yandex_vpc_gateway.nat",
            "yandex_vpc_network.main",
            "yandex_vpc_route_table.private",
            "yandex_vpc_security_group.alb",
            "yandex_vpc_security_group.app",
            "yandex_vpc_subnet.app"
          ]
        },
        {
          "index_key": 1,
          "schema_version": 1,
          "attributes": {
            "allow_recreate": null,
            "allow_stopping_for_update": null,
            "boot_disk": [
              {
                "auto_delete": true,
                "device_name": "fhm9c73phmpph5e1480a",
                "disk_id": "fhm9c73phmpph5e1480a",
                "initialize_params": [
                  {
                    "block_size": 4096,
                    "description": "",
                    "image_id": "fd8smb7fj0o91i68s15v",
                    "kms_key_id": "",
                    "name": "",
                    "size": 20,
                    "snapshot_id": "",
                    "type": "network-hdd"
                  }
                ],
                "mode": "READ_WRITE"
              }
            ],
            "created_at": "2026-04-05T18:54:56Z",
            "description": "",
            "filesystem": [],
            "folder_id": "b1gom1kd1d911i28djs8",
            "fqdn": "fhm615vbqfrbsafhomgn.auto.internal",
            "gpu_cluster_id": "",
            "hardware_generation": [
              {
                "generation2_features": [],
                "legacy_features": [
                  {
                    "pci_topology": "PCI_TOPOLOGY_V1"
                  }
                ]
              }
            ],
            "hostname": "",
            "id": "fhm615vbqfrbsafhomgn",
            "labels": {
              "environment": "prod",
              "managed_by": "terraform",
              "project": "future2"
            },
            "local_disk": [],
            "maintenance_grace_period": "",
            "maintenance_policy": null,
            "metadata": {
              "ssh-keys": "ubuntu:ssh-rsa AAAAB3NzaC1yc2EAAAA... engineer@company"
            },
            "metadata_options": [
              {
                "aws_v1_http_endpoint": 1,
                "aws_v1_http_token": 2,
                "gce_http_endpoint": 1,
                "gce_http_token": 1
              }
            ],
            "name": "future2-prod-apigw-1",
            "network_acceleration_type": "standard",
            "network_interface": [
              {
                "dns_record": [],
                "index": 0,
                "ip_address": "10.0.2.24",
                "ipv4": true,
                "ipv6": false,
                "ipv6_address": "",
                "ipv6_dns_record": [],
                "mac_address": "d0:0d:60:97:eb:d3",
                "nat": false,
                "nat_dns_record": [],
                "nat_ip_address": "",
                "nat_ip_version": "",
                "security_group_ids": [
                  "enprfp585m9asjlll7dh"
                ],
                "subnet_id": "e9b9ls20iuri5inkm8b7"
              }
            ],
            "placement_policy": [
              {
                "host_affinity_rules": [],
                "placement_group_id": "",
                "placement_group_partition": 0
              }
            ],
            "platform_id": "standard-v3",
            "resources": [
              {
                "core_fraction": 100,
                "cores": 2,
                "gpus": 0,
                "memory": 4
              }
            ],
            "scheduling_policy": [
              {
                "preemptible": false
              }
            ],
            "secondary_disk": [],
            "service_account_id": "",
            "status": "running",
            "timeouts": null,
            "zone": "ru-central1-a"
          },
          "sensitive_attributes": [
            [
              {
                "type": "get_attr",
                "value": "metadata"
              },
              {
                "type": "index",
                "value": {
                  "value": "ssh-keys",
                  "type": "string"
                }
              }
            ]
          ],
          "identity_schema_version": 0,
          "private": "eyJlMmJmYjczMC1lY2FhLTExZTYtOGY4OC0zNDM2M2JjN2M0YzAiOnsiY3JlYXRlIjozMDAwMDAwMDAwMDAsImRlbGV0ZSI6MzAwMDAwMDAwMDAwLCJ1cGRhdGUiOjMwMDAwMDAwMDAwMH0sInNjaGVtYV92ZXJzaW9uIjoiMSJ9",
          "dependencies": [
            "yandex_vpc_gateway.nat",
            "yandex_vpc_network.main",
            "yandex_vpc_route_table.private",
            "yandex_vpc_security_group.alb",
            "yandex_vpc_security_group.app",
            "yandex_vpc_subnet.app"
          ]
        }
      ]
    },
    {
      "mode": "managed",
      "type": "yandex_compute_instance",
      "name": "app",
      "provider": "provider[\"registry.terraform.io/yandex-cloud/yandex\"]",
      "instances": [
        {
          "index_key": 0,
          "schema_version": 1,
          "attributes": {
            "allow_recreate": null,
            "allow_stopping_for_update": null,
            "boot_disk": [
              {
                "auto_delete": true,
                "device_name": "fhm0i6cf6ar9f53f1620",
                "disk_id": "fhm0i6cf6ar9f53f1620",
                "initialize_params": [
                  {
                    "block_size": 4096,
                    "description": "",
                    "image_id": "fd8smb7fj0o91i68s15v",
                    "kms_key_id": "",
                    "name": "",
                    "size": 30,
                    "snapshot_id": "",
                    "type": "network-hdd"
                  }
                ],
                "mode": "READ_WRITE"
              }
            ],
            "created_at": "2026-04-05T18:55:02Z",
            "description": "",
            "filesystem": [],
            "folder_id": "b1gom1kd1d911i28djs8",
            "fqdn": "fhm432ssm0nbaafkpuvm.auto.internal",
            "gpu_cluster_id": "",
            "hardware_generation": [
              {
                "generation2_features": [],
                "legacy_features": [
                  {
                    "pci_topology": "PCI_TOPOLOGY_V1"
                  }
                ]
              }
            ],
            "hostname": "",
            "id": "fhm432ssm0nbaafkpuvm",
            "labels": {
              "domain": "clinical",
              "environment": "prod",
              "managed_by": "terraform",
              "project": "future2"
            },
            "local_disk": [],
            "maintenance_grace_period": "",
            "maintenance_policy": null,
            "metadata": {
              "ssh-keys": "ubuntu:ssh-rsa AAAAB3NzaC1yc2EAAAA... engineer@company"
            },
            "metadata_options": [
              {
                "aws_v1_http_endpoint": 1,
                "aws_v1_http_token": 2,
                "gce_http_endpoint": 1,
                "gce_http_token": 1
              }
            ],
            "name": "future2-prod-app-clinical",
            "network_acceleration_type": "standard",
            "network_interface": [
              {
                "dns_record": [],
                "index": 0,
                "ip_address": "10.0.2.38",
                "ipv4": true,
                "ipv6": false,
                "ipv6_address": "",
                "ipv6_dns_record": [],
                "mac_address": "d0:0d:41:8b:9c:b0",
                "nat": false,
                "nat_dns_record": [],
                "nat_ip_address": "",
                "nat_ip_version": "",
                "security_group_ids": [
                  "enprfp585m9asjlll7dh"
                ],
                "subnet_id": "e9b9ls20iuri5inkm8b7"
              }
            ],
            "placement_policy": [
              {
                "host_affinity_rules": [],
                "placement_group_id": "",
                "placement_group_partition": 0
              }
            ],
            "platform_id": "standard-v3",
            "resources": [
              {
                "core_fraction": 100,
                "cores": 2,
                "gpus": 0,
                "memory": 4
              }
            ],
            "scheduling_policy": [
              {
                "preemptible": false
              }
            ],
            "secondary_disk": [],
            "service_account_id": "",
            "status": "running",
            "timeouts": null,
            "zone": "ru-central1-a"
          },
          "sensitive_attributes": [
            [
              {
                "type": "get_attr",
                "value": "metadata"
              },
              {
                "type": "index",
                "value": {
                  "value": "ssh-keys",
                  "type": "string"
                }
              }
            ]
          ],
          "identity_schema_version": 0,
          "private": "eyJlMmJmYjczMC1lY2FhLTExZTYtOGY4OC0zNDM2M2JjN2M0YzAiOnsiY3JlYXRlIjozMDAwMDAwMDAwMDAsImRlbGV0ZSI6MzAwMDAwMDAwMDAwLCJ1cGRhdGUiOjMwMDAwMDAwMDAwMH0sInNjaGVtYV92ZXJzaW9uIjoiMSJ9",
          "dependencies": [
            "yandex_vpc_gateway.nat",
            "yandex_vpc_network.main",
            "yandex_vpc_route_table.private",
            "yandex_vpc_security_group.alb",
            "yandex_vpc_security_group.app",
            "yandex_vpc_subnet.app"
          ]
        },
        {
          "index_key": 1,
          "schema_version": 1,
          "attributes": {
            "allow_recreate": null,
            "allow_stopping_for_update": null,
            "boot_disk": [
              {
                "auto_delete": true,
                "device_name": "fhmnu1000kgcqk9gs643",
                "disk_id": "fhmnu1000kgcqk9gs643",
                "initialize_params": [
                  {
                    "block_size": 4096,
                    "description": "",
                    "image_id": "fd8smb7fj0o91i68s15v",
                    "kms_key_id": "",
                    "name": "",
                    "size": 30,
                    "snapshot_id": "",
                    "type": "network-hdd"
                  }
                ],
                "mode": "READ_WRITE"
              }
            ],
            "created_at": "2026-04-05T18:54:55Z",
            "description": "",
            "filesystem": [],
            "folder_id": "b1gom1kd1d911i28djs8",
            "fqdn": "fhms0ev6j7cq5o659pal.auto.internal",
            "gpu_cluster_id": "",
            "hardware_generation": [
              {
                "generation2_features": [],
                "legacy_features": [
                  {
                    "pci_topology": "PCI_TOPOLOGY_V1"
                  }
                ]
              }
            ],
            "hostname": "",
            "id": "fhms0ev6j7cq5o659pal",
            "labels": {
              "domain": "fintech",
              "environment": "prod",
              "managed_by": "terraform",
              "project": "future2"
            },
            "local_disk": [],
            "maintenance_grace_period": "",
            "maintenance_policy": null,
            "metadata": {
              "ssh-keys": "ubuntu:ssh-rsa AAAAB3NzaC1yc2EAAAA... engineer@company"
            },
            "metadata_options": [
              {
                "aws_v1_http_endpoint": 1,
                "aws_v1_http_token": 2,
                "gce_http_endpoint": 1,
                "gce_http_token": 1
              }
            ],
            "name": "future2-prod-app-fintech",
            "network_acceleration_type": "standard",
            "network_interface": [
              {
                "dns_record": [],
                "index": 0,
                "ip_address": "10.0.2.13",
                "ipv4": true,
                "ipv6": false,
                "ipv6_address": "",
                "ipv6_dns_record": [],
                "mac_address": "d0:0d:1c:03:be:69",
                "nat": false,
                "nat_dns_record": [],
                "nat_ip_address": "",
                "nat_ip_version": "",
                "security_group_ids": [
                  "enprfp585m9asjlll7dh"
                ],
                "subnet_id": "e9b9ls20iuri5inkm8b7"
              }
            ],
            "placement_policy": [
              {
                "host_affinity_rules": [],
                "placement_group_id": "",
                "placement_group_partition": 0
              }
            ],
            "platform_id": "standard-v3",
            "resources": [
              {
                "core_fraction": 100,
                "cores": 2,
                "gpus": 0,
                "memory": 4
              }
            ],
            "scheduling_policy": [
              {
                "preemptible": false
              }
            ],
            "secondary_disk": [],
            "service_account_id": "",
            "status": "running",
            "timeouts": null,
            "zone": "ru-central1-a"
          },
          "sensitive_attributes": [
            [
              {
                "type": "get_attr",
                "value": "metadata"
              },
              {
                "type": "index",
                "value": {
                  "value": "ssh-keys",
                  "type": "string"
                }
              }
            ]
          ],
          "identity_schema_version": 0,
          "private": "eyJlMmJmYjczMC1lY2FhLTExZTYtOGY4OC0zNDM2M2JjN2M0YzAiOnsiY3JlYXRlIjozMDAwMDAwMDAwMDAsImRlbGV0ZSI6MzAwMDAwMDAwMDAwLCJ1cGRhdGUiOjMwMDAwMDAwMDAwMH0sInNjaGVtYV92ZXJzaW9uIjoiMSJ9",
          "dependencies": [
            "yandex_vpc_gateway.nat",
            "yandex_vpc_network.main",
            "yandex_vpc_route_table.private",
            "yandex_vpc_security_group.alb",
            "yandex_vpc_security_group.app",
            "yandex_vpc_subnet.app"
          ]
        },
        {
          "index_key": 2,
          "schema_version": 1,
          "attributes": {
            "allow_recreate": null,
            "allow_stopping_for_update": null,
            "boot_disk": [
              {
                "auto_delete": true,
                "device_name": "fhmftr1kaht48cjhnuaf",
                "disk_id": "fhmftr1kaht48cjhnuaf",
                "initialize_params": [
                  {
                    "block_size": 4096,
                    "description": "",
                    "image_id": "fd8smb7fj0o91i68s15v",
                    "kms_key_id": "",
                    "name": "",
                    "size": 30,
                    "snapshot_id": "",
                    "type": "network-hdd"
                  }
                ],
                "mode": "READ_WRITE"
              }
            ],
            "created_at": "2026-04-05T18:55:44Z",
            "description": "",
            "filesystem": [],
            "folder_id": "b1gom1kd1d911i28djs8",
            "fqdn": "fhmtkq7e9k0a0svfhmnv.auto.internal",
            "gpu_cluster_id": "",
            "hardware_generation": [
              {
                "generation2_features": [],
                "legacy_features": [
                  {
                    "pci_topology": "PCI_TOPOLOGY_V1"
                  }
                ]
              }
            ],
            "hostname": "",
            "id": "fhmtkq7e9k0a0svfhmnv",
            "labels": {
              "domain": "ai",
              "environment": "prod",
              "managed_by": "terraform",
              "project": "future2"
            },
            "local_disk": [],
            "maintenance_grace_period": "",
            "maintenance_policy": null,
            "metadata": {
              "ssh-keys": "ubuntu:ssh-rsa AAAAB3NzaC1yc2EAAAA... engineer@company"
            },
            "metadata_options": [
              {
                "aws_v1_http_endpoint": 1,
                "aws_v1_http_token": 2,
                "gce_http_endpoint": 1,
                "gce_http_token": 1
              }
            ],
            "name": "future2-prod-app-ai",
            "network_acceleration_type": "standard",
            "network_interface": [
              {
                "dns_record": [],
                "index": 0,
                "ip_address": "10.0.2.7",
                "ipv4": true,
                "ipv6": false,
                "ipv6_address": "",
                "ipv6_dns_record": [],
                "mac_address": "d0:0d:1d:a6:8e:e4",
                "nat": false,
                "nat_dns_record": [],
                "nat_ip_address": "",
                "nat_ip_version": "",
                "security_group_ids": [
                  "enprfp585m9asjlll7dh"
                ],
                "subnet_id": "e9b9ls20iuri5inkm8b7"
              }
            ],
            "placement_policy": [
              {
                "host_affinity_rules": [],
                "placement_group_id": "",
                "placement_group_partition": 0
              }
            ],
            "platform_id": "standard-v3",
            "resources": [
              {
                "core_fraction": 100,
                "cores": 2,
                "gpus": 0,
                "memory": 4
              }
            ],
            "scheduling_policy": [
              {
                "preemptible": false
              }
            ],
            "secondary_disk": [],
            "service_account_id": "",
            "status": "running",
            "timeouts": null,
            "zone": "ru-central1-a"
          },
          "sensitive_attributes": [
            [
              {
                "type": "get_attr",
                "value": "metadata"
              },
              {
                "type": "index",
                "value": {
                  "value": "ssh-keys",
                  "type": "string"
                }
              }
            ]
          ],
          "identity_schema_version": 0,
          "private": "eyJlMmJmYjczMC1lY2FhLTExZTYtOGY4OC0zNDM2M2JjN2M0YzAiOnsiY3JlYXRlIjozMDAwMDAwMDAwMDAsImRlbGV0ZSI6MzAwMDAwMDAwMDAwLCJ1cGRhdGUiOjMwMDAwMDAwMDAwMH0sInNjaGVtYV92ZXJzaW9uIjoiMSJ9",
          "dependencies": [
            "yandex_vpc_gateway.nat",
            "yandex_vpc_network.main",
            "yandex_vpc_route_table.private",
            "yandex_vpc_security_group.alb",
            "yandex_vpc_security_group.app",
            "yandex_vpc_subnet.app"
          ]
        },
        {
          "index_key": 3,
          "schema_version": 1,
          "attributes": {
            "allow_recreate": null,
            "allow_stopping_for_update": null,
            "boot_disk": [
              {
                "auto_delete": true,
                "device_name": "fhmnfj9ecs700ecbmiqs",
                "disk_id": "fhmnfj9ecs700ecbmiqs",
                "initialize_params": [
                  {
                    "block_size": 4096,
                    "description": "",
                    "image_id": "fd8smb7fj0o91i68s15v",
                    "kms_key_id": "",
                    "name": "",
                    "size": 30,
                    "snapshot_id": "",
                    "type": "network-hdd"
                  }
                ],
                "mode": "READ_WRITE"
              }
            ],
            "created_at": "2026-04-05T18:54:58Z",
            "description": "",
            "filesystem": [],
            "folder_id": "b1gom1kd1d911i28djs8",
            "fqdn": "fhmqrd4grfj6pc6e3hj6.auto.internal",
            "gpu_cluster_id": "",
            "hardware_generation": [
              {
                "generation2_features": [],
                "legacy_features": [
                  {
                    "pci_topology": "PCI_TOPOLOGY_V1"
                  }
                ]
              }
            ],
            "hostname": "",
            "id": "fhmqrd4grfj6pc6e3hj6",
            "labels": {
              "domain": "corporate",
              "environment": "prod",
              "managed_by": "terraform",
              "project": "future2"
            },
            "local_disk": [],
            "maintenance_grace_period": "",
            "maintenance_policy": null,
            "metadata": {
              "ssh-keys": "ubuntu:ssh-rsa AAAAB3NzaC1yc2EAAAA... engineer@company"
            },
            "metadata_options": [
              {
                "aws_v1_http_endpoint": 1,
                "aws_v1_http_token": 2,
                "gce_http_endpoint": 1,
                "gce_http_token": 1
              }
            ],
            "name": "future2-prod-app-corporate",
            "network_acceleration_type": "standard",
            "network_interface": [
              {
                "dns_record": [],
                "index": 0,
                "ip_address": "10.0.2.40",
                "ipv4": true,
                "ipv6": false,
                "ipv6_address": "",
                "ipv6_dns_record": [],
                "mac_address": "d0:0d:1a:db:49:0d",
                "nat": false,
                "nat_dns_record": [],
                "nat_ip_address": "",
                "nat_ip_version": "",
                "security_group_ids": [
                  "enprfp585m9asjlll7dh"
                ],
                "subnet_id": "e9b9ls20iuri5inkm8b7"
              }
            ],
            "placement_policy": [
              {
                "host_affinity_rules": [],
                "placement_group_id": "",
                "placement_group_partition": 0
              }
            ],
            "platform_id": "standard-v3",
            "resources": [
              {
                "core_fraction": 100,
                "cores": 2,
                "gpus": 0,
                "memory": 4
              }
            ],
            "scheduling_policy": [
              {
                "preemptible": false
              }
            ],
            "secondary_disk": [],
            "service_account_id": "",
            "status": "running",
            "timeouts": null,
            "zone": "ru-central1-a"
          },
          "sensitive_attributes": [
            [
              {
                "type": "get_attr",
                "value": "metadata"
              },
              {
                "type": "index",
                "value": {
                  "value": "ssh-keys",
                  "type": "string"
                }
              }
            ]
          ],
          "identity_schema_version": 0,
          "private": "eyJlMmJmYjczMC1lY2FhLTExZTYtOGY4OC0zNDM2M2JjN2M0YzAiOnsiY3JlYXRlIjozMDAwMDAwMDAwMDAsImRlbGV0ZSI6MzAwMDAwMDAwMDAwLCJ1cGRhdGUiOjMwMDAwMDAwMDAwMH0sInNjaGVtYV92ZXJzaW9uIjoiMSJ9",
          "dependencies": [
            "yandex_vpc_gateway.nat",
            "yandex_vpc_network.main",
            "yandex_vpc_route_table.private",
            "yandex_vpc_security_group.alb",
            "yandex_vpc_security_group.app",
            "yandex_vpc_subnet.app"
          ]
        }
      ]
    },
    {
      "mode": "managed",
      "type": "yandex_compute_instance",
      "name": "bastion",
      "provider": "provider[\"registry.terraform.io/yandex-cloud/yandex\"]",
      "instances": [
        {
          "schema_version": 1,
          "attributes": {
            "allow_recreate": null,
            "allow_stopping_for_update": null,
            "boot_disk": [
              {
                "auto_delete": true,
                "device_name": "fhmj2io0otfn3jdrbjb5",
                "disk_id": "fhmj2io0otfn3jdrbjb5",
                "initialize_params": [
                  {
                    "block_size": 4096,
                    "description": "",
                    "image_id": "fd8smb7fj0o91i68s15v",
                    "kms_key_id": "",
                    "name": "",
                    "size": 10,
                    "snapshot_id": "",
                    "type": "network-hdd"
                  }
                ],
                "mode": "READ_WRITE"
              }
            ],
            "created_at": "2026-04-05T18:54:08Z",
            "description": "",
            "filesystem": [],
            "folder_id": "b1gom1kd1d911i28djs8",
            "fqdn": "fhm9okkqai2nq06cpgi3.auto.internal",
            "gpu_cluster_id": "",
            "hardware_generation": [
              {
                "generation2_features": [],
                "legacy_features": [
                  {
                    "pci_topology": "PCI_TOPOLOGY_V1"
                  }
                ]
              }
            ],
            "hostname": "",
            "id": "fhm9okkqai2nq06cpgi3",
            "labels": {
              "environment": "prod",
              "managed_by": "terraform",
              "project": "future2",
              "role": "bastion"
            },
            "local_disk": [],
            "maintenance_grace_period": "",
            "maintenance_policy": null,
            "metadata": {
              "ssh-keys": "ubuntu:ssh-rsa AAAAB3NzaC1yc2EAAAA... engineer@company"
            },
            "metadata_options": [
              {
                "aws_v1_http_endpoint": 1,
                "aws_v1_http_token": 2,
                "gce_http_endpoint": 1,
                "gce_http_token": 1
              }
            ],
            "name": "future2-prod-bastion",
            "network_acceleration_type": "standard",
            "network_interface": [
              {
                "dns_record": [],
                "index": 0,
                "ip_address": "10.0.4.6",
                "ipv4": true,
                "ipv6": false,
                "ipv6_address": "",
                "ipv6_dns_record": [],
                "mac_address": "d0:0d:9c:52:9a:54",
                "nat": true,
                "nat_dns_record": [],
                "nat_ip_address": "178.154.224.197",
                "nat_ip_version": "IPV4",
                "security_group_ids": [
                  "enp8r62ijv2ugpt9ao9i"
                ],
                "subnet_id": "e9behv2btnash74ngqnq"
              }
            ],
            "placement_policy": [
              {
                "host_affinity_rules": [],
                "placement_group_id": "",
                "placement_group_partition": 0
              }
            ],
            "platform_id": "standard-v3",
            "resources": [
              {
                "core_fraction": 100,
                "cores": 2,
                "gpus": 0,
                "memory": 2
              }
            ],
            "scheduling_policy": [
              {
                "preemptible": false
              }
            ],
            "secondary_disk": [],
            "service_account_id": "",
            "status": "running",
            "timeouts": null,
            "zone": "ru-central1-a"
          },
          "sensitive_attributes": [
            [
              {
                "type": "get_attr",
                "value": "metadata"
              },
              {
                "type": "index",
                "value": {
                  "value": "ssh-keys",
                  "type": "string"
                }
              }
            ]
          ],
          "identity_schema_version": 0,
          "private": "eyJlMmJmYjczMC1lY2FhLTExZTYtOGY4OC0zNDM2M2JjN2M0YzAiOnsiY3JlYXRlIjozMDAwMDAwMDAwMDAsImRlbGV0ZSI6MzAwMDAwMDAwMDAwLCJ1cGRhdGUiOjMwMDAwMDAwMDAwMH0sInNjaGVtYV92ZXJzaW9uIjoiMSJ9",
          "dependencies": [
            "yandex_vpc_network.main",
            "yandex_vpc_security_group.bastion",
            "yandex_vpc_subnet.mgmt"
          ]
        }
      ]
    },
    {
      "mode": "managed",
      "type": "yandex_compute_instance",
      "name": "kafka",
      "provider": "provider[\"registry.terraform.io/yandex-cloud/yandex\"]",
      "instances": [
        {
          "index_key": 0,
          "schema_version": 1,
          "attributes": {
            "allow_recreate": null,
            "allow_stopping_for_update": null,
            "boot_disk": [
              {
                "auto_delete": true,
                "device_name": "fhm0kjatqn8nmqk16sgb",
                "disk_id": "fhm0kjatqn8nmqk16sgb",
                "initialize_params": [
                  {
                    "block_size": 4096,
                    "description": "",
                    "image_id": "fd8smb7fj0o91i68s15v",
                    "kms_key_id": "",
                    "name": "",
                    "size": 20,
                    "snapshot_id": "",
                    "type": "network-hdd"
                  }
                ],
                "mode": "READ_WRITE"
              }
            ],
            "created_at": "2026-04-05T18:54:11Z",
            "description": "",
            "filesystem": [],
            "folder_id": "b1gom1kd1d911i28djs8",
            "fqdn": "fhm29ignv5a8s0bkenv8.auto.internal",
            "gpu_cluster_id": "",
            "hardware_generation": [
              {
                "generation2_features": [],
                "legacy_features": [
                  {
                    "pci_topology": "PCI_TOPOLOGY_V1"
                  }
                ]
              }
            ],
            "hostname": "",
            "id": "fhm29ignv5a8s0bkenv8",
            "labels": {
              "broker_id": "0",
              "environment": "prod",
              "managed_by": "terraform",
              "project": "future2",
              "role": "kafka-broker"
            },
            "local_disk": [],
            "maintenance_grace_period": "",
            "maintenance_policy": null,
            "metadata": {
              "ssh-keys": "ubuntu:ssh-rsa AAAAB3NzaC1yc2EAAAA... engineer@company"
            },
            "metadata_options": [
              {
                "aws_v1_http_endpoint": 1,
                "aws_v1_http_token": 2,
                "gce_http_endpoint": 1,
                "gce_http_token": 1
              }
            ],
            "name": "future2-prod-kafka-0",
            "network_acceleration_type": "standard",
            "network_interface": [
              {
                "dns_record": [],
                "index": 0,
                "ip_address": "10.0.2.27",
                "ipv4": true,
                "ipv6": false,
                "ipv6_address": "",
                "ipv6_dns_record": [],
                "mac_address": "d0:0d:24:ca:17:f9",
                "nat": false,
                "nat_dns_record": [],
                "nat_ip_address": "",
                "nat_ip_version": "",
                "security_group_ids": [
                  "enpp6q1ca95t37adad40"
                ],
                "subnet_id": "e9b9ls20iuri5inkm8b7"
              }
            ],
            "placement_policy": [
              {
                "host_affinity_rules": [],
                "placement_group_id": "",
                "placement_group_partition": 0
              }
            ],
            "platform_id": "standard-v3",
            "resources": [
              {
                "core_fraction": 100,
                "cores": 4,
                "gpus": 0,
                "memory": 8
              }
            ],
            "scheduling_policy": [
              {
                "preemptible": false
              }
            ],
            "secondary_disk": [
              {
                "auto_delete": false,
                "device_name": "fhmca9dnjhfp3gsd664m",
                "disk_id": "fhmca9dnjhfp3gsd664m",
                "mode": "READ_WRITE"
              }
            ],
            "service_account_id": "",
            "status": "running",
            "timeouts": null,
            "zone": "ru-central1-a"
          },
          "sensitive_attributes": [
            [
              {
                "type": "get_attr",
                "value": "metadata"
              },
              {
                "type": "index",
                "value": {
                  "value": "ssh-keys",
                  "type": "string"
                }
              }
            ]
          ],
          "identity_schema_version": 0,
          "private": "eyJlMmJmYjczMC1lY2FhLTExZTYtOGY4OC0zNDM2M2JjN2M0YzAiOnsiY3JlYXRlIjozMDAwMDAwMDAwMDAsImRlbGV0ZSI6MzAwMDAwMDAwMDAwLCJ1cGRhdGUiOjMwMDAwMDAwMDAwMH0sInNjaGVtYV92ZXJzaW9uIjoiMSJ9",
          "dependencies": [
            "yandex_compute_disk.kafka_data",
            "yandex_vpc_gateway.nat",
            "yandex_vpc_network.main",
            "yandex_vpc_route_table.private",
            "yandex_vpc_security_group.kafka",
            "yandex_vpc_subnet.app"
          ]
        },
        {
          "index_key": 1,
          "schema_version": 1,
          "attributes": {
            "allow_recreate": null,
            "allow_stopping_for_update": null,
            "boot_disk": [
              {
                "auto_delete": true,
                "device_name": "fhmqnmvh754of1ha9a8k",
                "disk_id": "fhmqnmvh754of1ha9a8k",
                "initialize_params": [
                  {
                    "block_size": 4096,
                    "description": "",
                    "image_id": "fd8smb7fj0o91i68s15v",
                    "kms_key_id": "",
                    "name": "",
                    "size": 20,
                    "snapshot_id": "",
                    "type": "network-hdd"
                  }
                ],
                "mode": "READ_WRITE"
              }
            ],
            "created_at": "2026-04-05T18:54:11Z",
            "description": "",
            "filesystem": [],
            "folder_id": "b1gom1kd1d911i28djs8",
            "fqdn": "fhmf9b9jjt9f5cac29p6.auto.internal",
            "gpu_cluster_id": "",
            "hardware_generation": [
              {
                "generation2_features": [],
                "legacy_features": [
                  {
                    "pci_topology": "PCI_TOPOLOGY_V1"
                  }
                ]
              }
            ],
            "hostname": "",
            "id": "fhmf9b9jjt9f5cac29p6",
            "labels": {
              "broker_id": "1",
              "environment": "prod",
              "managed_by": "terraform",
              "project": "future2",
              "role": "kafka-broker"
            },
            "local_disk": [],
            "maintenance_grace_period": "",
            "maintenance_policy": null,
            "metadata": {
              "ssh-keys": "ubuntu:ssh-rsa AAAAB3NzaC1yc2EAAAA... engineer@company"
            },
            "metadata_options": [
              {
                "aws_v1_http_endpoint": 1,
                "aws_v1_http_token": 2,
                "gce_http_endpoint": 1,
                "gce_http_token": 1
              }
            ],
            "name": "future2-prod-kafka-1",
            "network_acceleration_type": "standard",
            "network_interface": [
              {
                "dns_record": [],
                "index": 0,
                "ip_address": "10.0.2.10",
                "ipv4": true,
                "ipv6": false,
                "ipv6_address": "",
                "ipv6_dns_record": [],
                "mac_address": "d0:0d:f4:ad:33:9f",
                "nat": false,
                "nat_dns_record": [],
                "nat_ip_address": "",
                "nat_ip_version": "",
                "security_group_ids": [
                  "enpp6q1ca95t37adad40"
                ],
                "subnet_id": "e9b9ls20iuri5inkm8b7"
              }
            ],
            "placement_policy": [
              {
                "host_affinity_rules": [],
                "placement_group_id": "",
                "placement_group_partition": 0
              }
            ],
            "platform_id": "standard-v3",
            "resources": [
              {
                "core_fraction": 100,
                "cores": 4,
                "gpus": 0,
                "memory": 8
              }
            ],
            "scheduling_policy": [
              {
                "preemptible": false
              }
            ],
            "secondary_disk": [
              {
                "auto_delete": false,
                "device_name": "fhmth5413r8jb1366g9a",
                "disk_id": "fhmth5413r8jb1366g9a",
                "mode": "READ_WRITE"
              }
            ],
            "service_account_id": "",
            "status": "running",
            "timeouts": null,
            "zone": "ru-central1-a"
          },
          "sensitive_attributes": [
            [
              {
                "type": "get_attr",
                "value": "metadata"
              },
              {
                "type": "index",
                "value": {
                  "value": "ssh-keys",
                  "type": "string"
                }
              }
            ]
          ],
          "identity_schema_version": 0,
          "private": "eyJlMmJmYjczMC1lY2FhLTExZTYtOGY4OC0zNDM2M2JjN2M0YzAiOnsiY3JlYXRlIjozMDAwMDAwMDAwMDAsImRlbGV0ZSI6MzAwMDAwMDAwMDAwLCJ1cGRhdGUiOjMwMDAwMDAwMDAwMH0sInNjaGVtYV92ZXJzaW9uIjoiMSJ9",
          "dependencies": [
            "yandex_compute_disk.kafka_data",
            "yandex_vpc_gateway.nat",
            "yandex_vpc_network.main",
            "yandex_vpc_route_table.private",
            "yandex_vpc_security_group.kafka",
            "yandex_vpc_subnet.app"
          ]
        },
        {
          "index_key": 2,
          "schema_version": 1,
          "attributes": {
            "allow_recreate": null,
            "allow_stopping_for_update": null,
            "boot_disk": [
              {
                "auto_delete": true,
                "device_name": "fhmqjmvrlvkpd4pcepcv",
                "disk_id": "fhmqjmvrlvkpd4pcepcv",
                "initialize_params": [
                  {
                    "block_size": 4096,
                    "description": "",
                    "image_id": "fd8smb7fj0o91i68s15v",
                    "kms_key_id": "",
                    "name": "",
                    "size": 20,
                    "snapshot_id": "",
                    "type": "network-hdd"
                  }
                ],
                "mode": "READ_WRITE"
              }
            ],
            "created_at": "2026-04-05T18:54:14Z",
            "description": "",
            "filesystem": [],
            "folder_id": "b1gom1kd1d911i28djs8",
            "fqdn": "fhm44bk6m37o9qu2qct3.auto.internal",
            "gpu_cluster_id": "",
            "hardware_generation": [
              {
                "generation2_features": [],
                "legacy_features": [
                  {
                    "pci_topology": "PCI_TOPOLOGY_V1"
                  }
                ]
              }
            ],
            "hostname": "",
            "id": "fhm44bk6m37o9qu2qct3",
            "labels": {
              "broker_id": "2",
              "environment": "prod",
              "managed_by": "terraform",
              "project": "future2",
              "role": "kafka-broker"
            },
            "local_disk": [],
            "maintenance_grace_period": "",
            "maintenance_policy": null,
            "metadata": {
              "ssh-keys": "ubuntu:ssh-rsa AAAAB3NzaC1yc2EAAAA... engineer@company"
            },
            "metadata_options": [
              {
                "aws_v1_http_endpoint": 1,
                "aws_v1_http_token": 2,
                "gce_http_endpoint": 1,
                "gce_http_token": 1
              }
            ],
            "name": "future2-prod-kafka-2",
            "network_acceleration_type": "standard",
            "network_interface": [
              {
                "dns_record": [],
                "index": 0,
                "ip_address": "10.0.2.6",
                "ipv4": true,
                "ipv6": false,
                "ipv6_address": "",
                "ipv6_dns_record": [],
                "mac_address": "d0:0d:42:2e:86:b0",
                "nat": false,
                "nat_dns_record": [],
                "nat_ip_address": "",
                "nat_ip_version": "",
                "security_group_ids": [
                  "enpp6q1ca95t37adad40"
                ],
                "subnet_id": "e9b9ls20iuri5inkm8b7"
              }
            ],
            "placement_policy": [
              {
                "host_affinity_rules": [],
                "placement_group_id": "",
                "placement_group_partition": 0
              }
            ],
            "platform_id": "standard-v3",
            "resources": [
              {
                "core_fraction": 100,
                "cores": 4,
                "gpus": 0,
                "memory": 8
              }
            ],
            "scheduling_policy": [
              {
                "preemptible": false
              }
            ],
            "secondary_disk": [
              {
                "auto_delete": false,
                "device_name": "fhm7s624cmj7i2h4b3b5",
                "disk_id": "fhm7s624cmj7i2h4b3b5",
                "mode": "READ_WRITE"
              }
            ],
            "service_account_id": "",
            "status": "running",
            "timeouts": null,
            "zone": "ru-central1-a"
          },
          "sensitive_attributes": [
            [
              {
                "type": "get_attr",
                "value": "metadata"
              },
              {
                "type": "index",
                "value": {
                  "value": "ssh-keys",
                  "type": "string"
                }
              }
            ]
          ],
          "identity_schema_version": 0,
          "private": "eyJlMmJmYjczMC1lY2FhLTExZTYtOGY4OC0zNDM2M2JjN2M0YzAiOnsiY3JlYXRlIjozMDAwMDAwMDAwMDAsImRlbGV0ZSI6MzAwMDAwMDAwMDAwLCJ1cGRhdGUiOjMwMDAwMDAwMDAwMH0sInNjaGVtYV92ZXJzaW9uIjoiMSJ9",
          "dependencies": [
            "yandex_compute_disk.kafka_data",
            "yandex_vpc_gateway.nat",
            "yandex_vpc_network.main",
            "yandex_vpc_route_table.private",
            "yandex_vpc_security_group.kafka",
            "yandex_vpc_subnet.app"
          ]
        }
      ]
    },
    {
      "mode": "managed",
      "type": "yandex_compute_instance",
      "name": "monitoring",
      "provider": "provider[\"registry.terraform.io/yandex-cloud/yandex\"]",
      "instances": [
        {
          "schema_version": 1,
          "attributes": {
            "allow_recreate": null,
            "allow_stopping_for_update": null,
            "boot_disk": [
              {
                "auto_delete": true,
                "device_name": "fhm265qskb8veqc40ilk",
                "disk_id": "fhm265qskb8veqc40ilk",
                "initialize_params": [
                  {
                    "block_size": 4096,
                    "description": "",
                    "image_id": "fd8smb7fj0o91i68s15v",
                    "kms_key_id": "",
                    "name": "",
                    "size": 20,
                    "snapshot_id": "",
                    "type": "network-hdd"
                  }
                ],
                "mode": "READ_WRITE"
              }
            ],
            "created_at": "2026-04-05T18:54:11Z",
            "description": "",
            "filesystem": [],
            "folder_id": "b1gom1kd1d911i28djs8",
            "fqdn": "fhm8blkd8vb96loa03uq.auto.internal",
            "gpu_cluster_id": "",
            "hardware_generation": [
              {
                "generation2_features": [],
                "legacy_features": [
                  {
                    "pci_topology": "PCI_TOPOLOGY_V1"
                  }
                ]
              }
            ],
            "hostname": "",
            "id": "fhm8blkd8vb96loa03uq",
            "labels": {
              "environment": "prod",
              "managed_by": "terraform",
              "project": "future2",
              "role": "monitoring"
            },
            "local_disk": [],
            "maintenance_grace_period": "",
            "maintenance_policy": null,
            "metadata": {
              "ssh-keys": "ubuntu:ssh-rsa AAAAB3NzaC1yc2EAAAA... engineer@company"
            },
            "metadata_options": [
              {
                "aws_v1_http_endpoint": 1,
                "aws_v1_http_token": 2,
                "gce_http_endpoint": 1,
                "gce_http_token": 1
              }
            ],
            "name": "future2-prod-monitoring",
            "network_acceleration_type": "standard",
            "network_interface": [
              {
                "dns_record": [],
                "index": 0,
                "ip_address": "10.0.4.19",
                "ipv4": true,
                "ipv6": false,
                "ipv6_address": "",
                "ipv6_dns_record": [],
                "mac_address": "d0:0d:85:d6:8d:47",
                "nat": false,
                "nat_dns_record": [],
                "nat_ip_address": "",
                "nat_ip_version": "",
                "security_group_ids": [],
                "subnet_id": "e9behv2btnash74ngqnq"
              }
            ],
            "placement_policy": [
              {
                "host_affinity_rules": [],
                "placement_group_id": "",
                "placement_group_partition": 0
              }
            ],
            "platform_id": "standard-v3",
            "resources": [
              {
                "core_fraction": 100,
                "cores": 2,
                "gpus": 0,
                "memory": 4
              }
            ],
            "scheduling_policy": [
              {
                "preemptible": false
              }
            ],
            "secondary_disk": [
              {
                "auto_delete": false,
                "device_name": "fhmerp56q39o6apjhf3o",
                "disk_id": "fhmerp56q39o6apjhf3o",
                "mode": "READ_WRITE"
              }
            ],
            "service_account_id": "",
            "status": "running",
            "timeouts": null,
            "zone": "ru-central1-a"
          },
          "sensitive_attributes": [
            [
              {
                "type": "get_attr",
                "value": "metadata"
              },
              {
                "type": "index",
                "value": {
                  "value": "ssh-keys",
                  "type": "string"
                }
              }
            ]
          ],
          "identity_schema_version": 0,
          "private": "eyJlMmJmYjczMC1lY2FhLTExZTYtOGY4OC0zNDM2M2JjN2M0YzAiOnsiY3JlYXRlIjozMDAwMDAwMDAwMDAsImRlbGV0ZSI6MzAwMDAwMDAwMDAwLCJ1cGRhdGUiOjMwMDAwMDAwMDAwMH0sInNjaGVtYV92ZXJzaW9uIjoiMSJ9",
          "dependencies": [
            "yandex_compute_disk.monitoring_data",
            "yandex_vpc_network.main",
            "yandex_vpc_subnet.mgmt"
          ]
        }
      ]
    },
    {
      "mode": "managed",
      "type": "yandex_dns_recordset",
      "name": "pg",
      "provider": "provider[\"registry.terraform.io/yandex-cloud/yandex\"]",
      "instances": [
        {
          "index_key": "ai",
          "schema_version": 0,
          "attributes": {
            "data": [
              "rc1a-3cv2mmm53m6gkp1c.mdb.yandexcloud.net."
            ],
            "description": "",
            "id": "dns8tqb00o3fbejai5rd/pg.ai.future2.internal./CNAME",
            "name": "pg.ai.future2.internal.",
            "timeouts": null,
            "ttl": 300,
            "type": "CNAME",
            "zone_id": "dns8tqb00o3fbejai5rd"
          },
          "sensitive_attributes": [],
          "identity_schema_version": 0,
          "private": "eyJlMmJmYjczMC1lY2FhLTExZTYtOGY4OC0zNDM2M2JjN2M0YzAiOnsiY3JlYXRlIjozMDAwMDAwMDAwMDAsImRlbGV0ZSI6MzAwMDAwMDAwMDAwLCJ1cGRhdGUiOjMwMDAwMDAwMDAwMH19",
          "dependencies": [
            "yandex_dns_zone.internal",
            "yandex_mdb_postgresql_cluster.domain",
            "yandex_vpc_gateway.nat",
            "yandex_vpc_network.main",
            "yandex_vpc_route_table.private",
            "yandex_vpc_security_group.db",
            "yandex_vpc_subnet.data"
          ]
        },
        {
          "index_key": "fintech",
          "schema_version": 0,
          "attributes": {
            "data": [
              "rc1a-aqhr33eb17f1jpnm.mdb.yandexcloud.net."
            ],
            "description": "",
            "id": "dns8tqb00o3fbejai5rd/pg.fintech.future2.internal./CNAME",
            "name": "pg.fintech.future2.internal.",
            "timeouts": null,
            "ttl": 300,
            "type": "CNAME",
            "zone_id": "dns8tqb00o3fbejai5rd"
          },
          "sensitive_attributes": [],
          "identity_schema_version": 0,
          "private": "eyJlMmJmYjczMC1lY2FhLTExZTYtOGY4OC0zNDM2M2JjN2M0YzAiOnsiY3JlYXRlIjozMDAwMDAwMDAwMDAsImRlbGV0ZSI6MzAwMDAwMDAwMDAwLCJ1cGRhdGUiOjMwMDAwMDAwMDAwMH19",
          "dependencies": [
            "yandex_dns_zone.internal",
            "yandex_mdb_postgresql_cluster.domain",
            "yandex_vpc_gateway.nat",
            "yandex_vpc_network.main",
            "yandex_vpc_route_table.private",
            "yandex_vpc_security_group.db",
            "yandex_vpc_subnet.data"
          ]
        }
      ]
    },
    {
      "mode": "managed",
      "type": "yandex_dns_zone",
      "name": "internal",
      "provider": "provider[\"registry.terraform.io/yandex-cloud/yandex\"]",
      "instances": [
        {
          "schema_version": 0,
          "attributes": {
            "created_at": "2026-04-05T18:54:01Z",
            "deletion_protection": false,
            "description": "",
            "folder_id": "b1gom1kd1d911i28djs8",
            "id": "dns8tqb00o3fbejai5rd",
            "labels": {
              "environment": "prod",
              "managed_by": "terraform",
              "project": "future2"
            },
            "name": "future2-prod-internal-zone",
            "private_networks": [
              "enpog6b4pojietgaq29o"
            ],
            "public": false,
            "timeouts": null,
            "zone": "future2.internal."
          },
          "sensitive_attributes": [],
          "identity_schema_version": 0,
          "private": "eyJlMmJmYjczMC1lY2FhLTExZTYtOGY4OC0zNDM2M2JjN2M0YzAiOnsiY3JlYXRlIjozMDAwMDAwMDAwMDAsImRlbGV0ZSI6MzAwMDAwMDAwMDAwLCJ1cGRhdGUiOjMwMDAwMDAwMDAwMH19",
          "dependencies": [
            "yandex_vpc_network.main"
          ]
        }
      ]
    },
    {
      "mode": "managed",
      "type": "yandex_mdb_postgresql_cluster",
      "name": "domain",
      "provider": "provider[\"registry.terraform.io/yandex-cloud/yandex\"]",
      "instances": [
        {
          "index_key": "ai",
          "schema_version": 0,
          "attributes": {
            "config": [
              {
                "access": [
                  {
                    "data_lens": false,
                    "data_transfer": false,
                    "serverless": false,
                    "web_sql": false,
                    "yandex_query": false
                  }
                ],
                "backup_retain_period_days": 7,
                "backup_window_start": [
                  {
                    "hours": 0,
                    "minutes": 0
                  }
                ],
                "disk_size_autoscaling": [
                  {
                    "disk_size_limit": 0,
                    "emergency_usage_threshold": 0,
                    "planned_usage_threshold": 0
                  }
                ],
                "performance_diagnostics": [
                  {
                    "enabled": false,
                    "sessions_sampling_interval": 60,
                    "statements_sampling_interval": 600
                  }
                ],
                "pooler_config": [],
                "postgresql_config": {
                  "shared_preload_libraries": "SHARED_PRELOAD_LIBRARIES_UNSPECIFIED"
                },
                "resources": [
                  {
                    "disk_size": 50,
                    "disk_type_id": "network-ssd",
                    "resource_preset_id": "s2.micro"
                  }
                ],
                "version": "15"
              }
            ],
            "created_at": "2026-04-05T18:54:05Z",
            "database": [],
            "deletion_protection": false,
            "description": "",
            "disk_encryption_key_id": null,
            "environment": "PRODUCTION",
            "folder_id": "b1gom1kd1d911i28djs8",
            "health": "ALIVE",
            "host": [
              {
                "assign_public_ip": false,
                "fqdn": "rc1a-3cv2mmm53m6gkp1c.mdb.yandexcloud.net",
                "name": "",
                "priority": 0,
                "replication_source": "",
                "replication_source_name": "",
                "role": "MASTER",
                "subnet_id": "e9bcp35snkmums38ee8k",
                "zone": "ru-central1-a"
              }
            ],
            "host_group_ids": [],
            "host_master_name": "",
            "id": "c9q2cbjfr0rcpak7p724",
            "labels": {
              "domain": "ai",
              "environment": "prod",
              "managed_by": "terraform",
              "project": "future2"
            },
            "maintenance_window": [
              {
                "day": "",
                "hour": 0,
                "type": "ANYTIME"
              }
            ],
            "name": "future2-prod-pg-ai",
            "network_id": "enpog6b4pojietgaq29o",
            "restore": [],
            "security_group_ids": [
              "enpjogarrflieq327lk3"
            ],
            "status": "RUNNING",
            "timeouts": null,
            "user": []
          },
          "sensitive_attributes": [],
          "identity_schema_version": 0,
          "private": "eyJlMmJmYjczMC1lY2FhLTExZTYtOGY4OC0zNDM2M2JjN2M0YzAiOnsiY3JlYXRlIjoxODAwMDAwMDAwMDAwLCJkZWxldGUiOjkwMDAwMDAwMDAwMCwidXBkYXRlIjozNjAwMDAwMDAwMDAwfX0=",
          "dependencies": [
            "yandex_vpc_gateway.nat",
            "yandex_vpc_network.main",
            "yandex_vpc_route_table.private",
            "yandex_vpc_security_group.db",
            "yandex_vpc_subnet.data"
          ]
        },
        {
          "index_key": "clinical",
          "schema_version": 0,
          "attributes": {
            "config": [
              {
                "access": [
                  {
                    "data_lens": false,
                    "data_transfer": false,
                    "serverless": false,
                    "web_sql": false,
                    "yandex_query": false
                  }
                ],
                "backup_retain_period_days": 7,
                "backup_window_start": [
                  {
                    "hours": 0,
                    "minutes": 0
                  }
                ],
                "disk_size_autoscaling": [
                  {
                    "disk_size_limit": 0,
                    "emergency_usage_threshold": 0,
                    "planned_usage_threshold": 0
                  }
                ],
                "performance_diagnostics": [
                  {
                    "enabled": false,
                    "sessions_sampling_interval": 60,
                    "statements_sampling_interval": 600
                  }
                ],
                "pooler_config": [],
                "postgresql_config": {
                  "shared_preload_libraries": "SHARED_PRELOAD_LIBRARIES_UNSPECIFIED"
                },
                "resources": [
                  {
                    "disk_size": 50,
                    "disk_type_id": "network-ssd",
                    "resource_preset_id": "s2.micro"
                  }
                ],
                "version": "15"
              }
            ],
            "created_at": "2026-04-05T18:54:04Z",
            "database": [],
            "deletion_protection": false,
            "description": "",
            "disk_encryption_key_id": null,
            "environment": "PRODUCTION",
            "folder_id": "b1gom1kd1d911i28djs8",
            "health": "ALIVE",
            "host": [
              {
                "assign_public_ip": false,
                "fqdn": "rc1a-uv2uh4q3uvr86tcg.mdb.yandexcloud.net",
                "name": "",
                "priority": 0,
                "replication_source": "",
                "replication_source_name": "",
                "role": "MASTER",
                "subnet_id": "e9bcp35snkmums38ee8k",
                "zone": "ru-central1-a"
              }
            ],
            "host_group_ids": [],
            "host_master_name": "",
            "id": "c9q1cdsm98r1mvmlbhma",
            "labels": {
              "domain": "clinical",
              "environment": "prod",
              "managed_by": "terraform",
              "project": "future2"
            },
            "maintenance_window": [
              {
                "day": "",
                "hour": 0,
                "type": "ANYTIME"
              }
            ],
            "name": "future2-prod-pg-clinical",
            "network_id": "enpog6b4pojietgaq29o",
            "restore": [],
            "security_group_ids": [
              "enpjogarrflieq327lk3"
            ],
            "status": "RUNNING",
            "timeouts": null,
            "user": []
          },
          "sensitive_attributes": [],
          "identity_schema_version": 0,
          "private": "eyJlMmJmYjczMC1lY2FhLTExZTYtOGY4OC0zNDM2M2JjN2M0YzAiOnsiY3JlYXRlIjoxODAwMDAwMDAwMDAwLCJkZWxldGUiOjkwMDAwMDAwMDAwMCwidXBkYXRlIjozNjAwMDAwMDAwMDAwfX0=",
          "dependencies": [
            "yandex_vpc_gateway.nat",
            "yandex_vpc_network.main",
            "yandex_vpc_route_table.private",
            "yandex_vpc_security_group.db",
            "yandex_vpc_subnet.data"
          ]
        },
        {
          "index_key": "corporate",
          "schema_version": 0,
          "attributes": {
            "config": [
              {
                "access": [
                  {
                    "data_lens": false,
                    "data_transfer": false,
                    "serverless": false,
                    "web_sql": false,
                    "yandex_query": false
                  }
                ],
                "backup_retain_period_days": 7,
                "backup_window_start": [
                  {
                    "hours": 0,
                    "minutes": 0
                  }
                ],
                "disk_size_autoscaling": [
                  {
                    "disk_size_limit": 0,
                    "emergency_usage_threshold": 0,
                    "planned_usage_threshold": 0
                  }
                ],
                "performance_diagnostics": [
                  {
                    "enabled": false,
                    "sessions_sampling_interval": 60,
                    "statements_sampling_interval": 600
                  }
                ],
                "pooler_config": [],
                "postgresql_config": {
                  "shared_preload_libraries": "SHARED_PRELOAD_LIBRARIES_UNSPECIFIED"
                },
                "resources": [
                  {
                    "disk_size": 50,
                    "disk_type_id": "network-ssd",
                    "resource_preset_id": "s2.micro"
                  }
                ],
                "version": "15"
              }
            ],
            "created_at": "2026-04-05T18:54:04Z",
            "database": [],
            "deletion_protection": false,
            "description": "",
            "disk_encryption_key_id": null,
            "environment": "PRODUCTION",
            "folder_id": "b1gom1kd1d911i28djs8",
            "health": "ALIVE",
            "host": [
              {
                "assign_public_ip": false,
                "fqdn": "rc1a-2peg0rsc139tnufv.mdb.yandexcloud.net",
                "name": "",
                "priority": 0,
                "replication_source": "",
                "replication_source_name": "",
                "role": "MASTER",
                "subnet_id": "e9bcp35snkmums38ee8k",
                "zone": "ru-central1-a"
              }
            ],
            "host_group_ids": [],
            "host_master_name": "",
            "id": "c9q2qda3i9f03eq4osk9",
            "labels": {
              "domain": "corporate",
              "environment": "prod",
              "managed_by": "terraform",
              "project": "future2"
            },
            "maintenance_window": [
              {
                "day": "",
                "hour": 0,
                "type": "ANYTIME"
              }
            ],
            "name": "future2-prod-pg-corporate",
            "network_id": "enpog6b4pojietgaq29o",
            "restore": [],
            "security_group_ids": [
              "enpjogarrflieq327lk3"
            ],
            "status": "RUNNING",
            "timeouts": null,
            "user": []
          },
          "sensitive_attributes": [],
          "identity_schema_version": 0,
          "private": "eyJlMmJmYjczMC1lY2FhLTExZTYtOGY4OC0zNDM2M2JjN2M0YzAiOnsiY3JlYXRlIjoxODAwMDAwMDAwMDAwLCJkZWxldGUiOjkwMDAwMDAwMDAwMCwidXBkYXRlIjozNjAwMDAwMDAwMDAwfX0=",
          "dependencies": [
            "yandex_vpc_gateway.nat",
            "yandex_vpc_network.main",
            "yandex_vpc_route_table.private",
            "yandex_vpc_security_group.db",
            "yandex_vpc_subnet.data"
          ]
        },
        {
          "index_key": "fintech",
          "schema_version": 0,
          "attributes": {
            "config": [
              {
                "access": [
                  {
                    "data_lens": false,
                    "data_transfer": false,
                    "serverless": false,
                    "web_sql": false,
                    "yandex_query": false
                  }
                ],
                "backup_retain_period_days": 7,
                "backup_window_start": [
                  {
                    "hours": 0,
                    "minutes": 0
                  }
                ],
                "disk_size_autoscaling": [
                  {
                    "disk_size_limit": 0,
                    "emergency_usage_threshold": 0,
                    "planned_usage_threshold": 0
                  }
                ],
                "performance_diagnostics": [
                  {
                    "enabled": false,
                    "sessions_sampling_interval": 60,
                    "statements_sampling_interval": 600
                  }
                ],
                "pooler_config": [],
                "postgresql_config": {
                  "shared_preload_libraries": "SHARED_PRELOAD_LIBRARIES_UNSPECIFIED"
                },
                "resources": [
                  {
                    "disk_size": 50,
                    "disk_type_id": "network-ssd",
                    "resource_preset_id": "s2.micro"
                  }
                ],
                "version": "15"
              }
            ],
            "created_at": "2026-04-05T18:54:04Z",
            "database": [],
            "deletion_protection": false,
            "description": "",
            "disk_encryption_key_id": null,
            "environment": "PRODUCTION",
            "folder_id": "b1gom1kd1d911i28djs8",
            "health": "ALIVE",
            "host": [
              {
                "assign_public_ip": false,
                "fqdn": "rc1a-aqhr33eb17f1jpnm.mdb.yandexcloud.net",
                "name": "",
                "priority": 0,
                "replication_source": "",
                "replication_source_name": "",
                "role": "MASTER",
                "subnet_id": "e9bcp35snkmums38ee8k",
                "zone": "ru-central1-a"
              }
            ],
            "host_group_ids": [],
            "host_master_name": "",
            "id": "c9q13l4ojlrvsblncksq",
            "labels": {
              "domain": "fintech",
              "environment": "prod",
              "managed_by": "terraform",
              "project": "future2"
            },
            "maintenance_window": [
              {
                "day": "",
                "hour": 0,
                "type": "ANYTIME"
              }
            ],
            "name": "future2-prod-pg-fintech",
            "network_id": "enpog6b4pojietgaq29o",
            "restore": [],
            "security_group_ids": [
              "enpjogarrflieq327lk3"
            ],
            "status": "RUNNING",
            "timeouts": null,
            "user": []
          },
          "sensitive_attributes": [],
          "identity_schema_version": 0,
          "private": "eyJlMmJmYjczMC1lY2FhLTExZTYtOGY4OC0zNDM2M2JjN2M0YzAiOnsiY3JlYXRlIjoxODAwMDAwMDAwMDAwLCJkZWxldGUiOjkwMDAwMDAwMDAwMCwidXBkYXRlIjozNjAwMDAwMDAwMDAwfX0=",
          "dependencies": [
            "yandex_vpc_gateway.nat",
            "yandex_vpc_network.main",
            "yandex_vpc_route_table.private",
            "yandex_vpc_security_group.db",
            "yandex_vpc_subnet.data"
          ]
        }
      ]
    },
    {
      "mode": "managed",
      "type": "yandex_mdb_postgresql_database",
      "name": "domain",
      "provider": "provider[\"registry.terraform.io/yandex-cloud/yandex\"]",
      "instances": [
        {
          "index_key": "ai",
          "schema_version": 0,
          "attributes": {
            "cluster_id": "c9q2cbjfr0rcpak7p724",
            "deletion_protection": "unspecified",
            "extension": [],
            "id": "c9q2cbjfr0rcpak7p724:ai",
            "lc_collate": "C",
            "lc_type": "C",
            "name": "ai",
            "owner": "ai",
            "template_db": "",
            "timeouts": null
          },
          "sensitive_attributes": [],
          "identity_schema_version": 0,
          "private": "eyJlMmJmYjczMC1lY2FhLTExZTYtOGY4OC0zNDM2M2JjN2M0YzAiOnsiY3JlYXRlIjo2MDAwMDAwMDAwMDAsImRlbGV0ZSI6NjAwMDAwMDAwMDAwLCJyZWFkIjo2MDAwMDAwMDAwMCwidXBkYXRlIjo2MDAwMDAwMDAwMDB9fQ==",
          "dependencies": [
            "yandex_mdb_postgresql_cluster.domain",
            "yandex_mdb_postgresql_user.domain",
            "yandex_vpc_gateway.nat",
            "yandex_vpc_network.main",
            "yandex_vpc_route_table.private",
            "yandex_vpc_security_group.db",
            "yandex_vpc_subnet.data"
          ]
        },
        {
          "index_key": "clinical",
          "schema_version": 0,
          "attributes": {
            "cluster_id": "c9q1cdsm98r1mvmlbhma",
            "deletion_protection": "unspecified",
            "extension": [],
            "id": "c9q1cdsm98r1mvmlbhma:clinical",
            "lc_collate": "C",
            "lc_type": "C",
            "name": "clinical",
            "owner": "clinical",
            "template_db": "",
            "timeouts": null
          },
          "sensitive_attributes": [],
          "identity_schema_version": 0,
          "private": "eyJlMmJmYjczMC1lY2FhLTExZTYtOGY4OC0zNDM2M2JjN2M0YzAiOnsiY3JlYXRlIjo2MDAwMDAwMDAwMDAsImRlbGV0ZSI6NjAwMDAwMDAwMDAwLCJyZWFkIjo2MDAwMDAwMDAwMCwidXBkYXRlIjo2MDAwMDAwMDAwMDB9fQ==",
          "dependencies": [
            "yandex_mdb_postgresql_cluster.domain",
            "yandex_mdb_postgresql_user.domain",
            "yandex_vpc_gateway.nat",
            "yandex_vpc_network.main",
            "yandex_vpc_route_table.private",
            "yandex_vpc_security_group.db",
            "yandex_vpc_subnet.data"
          ]
        },
        {
          "index_key": "corporate",
          "schema_version": 0,
          "attributes": {
            "cluster_id": "c9q2qda3i9f03eq4osk9",
            "deletion_protection": "unspecified",
            "extension": [],
            "id": "c9q2qda3i9f03eq4osk9:corporate",
            "lc_collate": "C",
            "lc_type": "C",
            "name": "corporate",
            "owner": "corporate",
            "template_db": "",
            "timeouts": null
          },
          "sensitive_attributes": [],
          "identity_schema_version": 0,
          "private": "eyJlMmJmYjczMC1lY2FhLTExZTYtOGY4OC0zNDM2M2JjN2M0YzAiOnsiY3JlYXRlIjo2MDAwMDAwMDAwMDAsImRlbGV0ZSI6NjAwMDAwMDAwMDAwLCJyZWFkIjo2MDAwMDAwMDAwMCwidXBkYXRlIjo2MDAwMDAwMDAwMDB9fQ==",
          "dependencies": [
            "yandex_mdb_postgresql_cluster.domain",
            "yandex_mdb_postgresql_user.domain",
            "yandex_vpc_gateway.nat",
            "yandex_vpc_network.main",
            "yandex_vpc_route_table.private",
            "yandex_vpc_security_group.db",
            "yandex_vpc_subnet.data"
          ]
        },
        {
          "index_key": "fintech",
          "schema_version": 0,
          "attributes": {
            "cluster_id": "c9q13l4ojlrvsblncksq",
            "deletion_protection": "unspecified",
            "extension": [],
            "id": "c9q13l4ojlrvsblncksq:fintech",
            "lc_collate": "C",
            "lc_type": "C",
            "name": "fintech",
            "owner": "fintech",
            "template_db": "",
            "timeouts": null
          },
          "sensitive_attributes": [],
          "identity_schema_version": 0,
          "private": "eyJlMmJmYjczMC1lY2FhLTExZTYtOGY4OC0zNDM2M2JjN2M0YzAiOnsiY3JlYXRlIjo2MDAwMDAwMDAwMDAsImRlbGV0ZSI6NjAwMDAwMDAwMDAwLCJyZWFkIjo2MDAwMDAwMDAwMCwidXBkYXRlIjo2MDAwMDAwMDAwMDB9fQ==",
          "dependencies": [
            "yandex_mdb_postgresql_cluster.domain",
            "yandex_mdb_postgresql_user.domain",
            "yandex_vpc_gateway.nat",
            "yandex_vpc_network.main",
            "yandex_vpc_route_table.private",
            "yandex_vpc_security_group.db",
            "yandex_vpc_subnet.data"
          ]
        }
      ]
    },
    {
      "mode": "managed",
      "type": "yandex_mdb_postgresql_user",
      "name": "domain",
      "provider": "provider[\"registry.terraform.io/yandex-cloud/yandex\"]",
      "instances": [
        {
          "index_key": "ai",
          "schema_version": 0,
          "attributes": {
            "auth_method": "AUTH_METHOD_PASSWORD",
            "cluster_id": "c9q2cbjfr0rcpak7p724",
            "conn_limit": 50,
            "connection_manager": {
              "connection_id": "a592a6jll8edubonchu6"
            },
            "deletion_protection": "unspecified",
            "generate_password": false,
            "grants": [],
            "id": "c9q2cbjfr0rcpak7p724:ai",
            "login": true,
            "name": "ai",
            "password": "ChangeMe123!",
            "permission": [],
            "settings": {},
            "timeouts": null,
            "user_password_encryption": "USER_PASSWORD_ENCRYPTION_MD5"
          },
          "sensitive_attributes": [
            [
              {
                "type": "get_attr",
                "value": "password"
              }
            ]
          ],
          "identity_schema_version": 0,
          "private": "eyJlMmJmYjczMC1lY2FhLTExZTYtOGY4OC0zNDM2M2JjN2M0YzAiOnsiY3JlYXRlIjo2MDAwMDAwMDAwMDAsImRlbGV0ZSI6NjAwMDAwMDAwMDAwLCJyZWFkIjo2MDAwMDAwMDAwMCwidXBkYXRlIjo2MDAwMDAwMDAwMDB9fQ==",
          "dependencies": [
            "yandex_mdb_postgresql_cluster.domain",
            "yandex_vpc_gateway.nat",
            "yandex_vpc_network.main",
            "yandex_vpc_route_table.private",
            "yandex_vpc_security_group.db",
            "yandex_vpc_subnet.data"
          ]
        },
        {
          "index_key": "clinical",
          "schema_version": 0,
          "attributes": {
            "auth_method": "AUTH_METHOD_PASSWORD",
            "cluster_id": "c9q1cdsm98r1mvmlbhma",
            "conn_limit": 50,
            "connection_manager": {
              "connection_id": "a59ljc6cq6qeta3m3p6t"
            },
            "deletion_protection": "unspecified",
            "generate_password": false,
            "grants": [],
            "id": "c9q1cdsm98r1mvmlbhma:clinical",
            "login": true,
            "name": "clinical",
            "password": "ChangeMe123!",
            "permission": [],
            "settings": {},
            "timeouts": null,
            "user_password_encryption": "USER_PASSWORD_ENCRYPTION_MD5"
          },
          "sensitive_attributes": [
            [
              {
                "type": "get_attr",
                "value": "password"
              }
            ]
          ],
          "identity_schema_version": 0,
          "private": "eyJlMmJmYjczMC1lY2FhLTExZTYtOGY4OC0zNDM2M2JjN2M0YzAiOnsiY3JlYXRlIjo2MDAwMDAwMDAwMDAsImRlbGV0ZSI6NjAwMDAwMDAwMDAwLCJyZWFkIjo2MDAwMDAwMDAwMCwidXBkYXRlIjo2MDAwMDAwMDAwMDB9fQ==",
          "dependencies": [
            "yandex_mdb_postgresql_cluster.domain",
            "yandex_vpc_gateway.nat",
            "yandex_vpc_network.main",
            "yandex_vpc_route_table.private",
            "yandex_vpc_security_group.db",
            "yandex_vpc_subnet.data"
          ]
        },
        {
          "index_key": "corporate",
          "schema_version": 0,
          "attributes": {
            "auth_method": "AUTH_METHOD_PASSWORD",
            "cluster_id": "c9q2qda3i9f03eq4osk9",
            "conn_limit": 50,
            "connection_manager": {
              "connection_id": "a59l9ce9vcv89girtgc0"
            },
            "deletion_protection": "unspecified",
            "generate_password": false,
            "grants": [],
            "id": "c9q2qda3i9f03eq4osk9:corporate",
            "login": true,
            "name": "corporate",
            "password": "ChangeMe123!",
            "permission": [],
            "settings": {},
            "timeouts": null,
            "user_password_encryption": "USER_PASSWORD_ENCRYPTION_MD5"
          },
          "sensitive_attributes": [
            [
              {
                "type": "get_attr",
                "value": "password"
              }
            ]
          ],
          "identity_schema_version": 0,
          "private": "eyJlMmJmYjczMC1lY2FhLTExZTYtOGY4OC0zNDM2M2JjN2M0YzAiOnsiY3JlYXRlIjo2MDAwMDAwMDAwMDAsImRlbGV0ZSI6NjAwMDAwMDAwMDAwLCJyZWFkIjo2MDAwMDAwMDAwMCwidXBkYXRlIjo2MDAwMDAwMDAwMDB9fQ==",
          "dependencies": [
            "yandex_mdb_postgresql_cluster.domain",
            "yandex_vpc_gateway.nat",
            "yandex_vpc_network.main",
            "yandex_vpc_route_table.private",
            "yandex_vpc_security_group.db",
            "yandex_vpc_subnet.data"
          ]
        },
        {
          "index_key": "fintech",
          "schema_version": 0,
          "attributes": {
            "auth_method": "AUTH_METHOD_PASSWORD",
            "cluster_id": "c9q13l4ojlrvsblncksq",
            "conn_limit": 50,
            "connection_manager": {
              "connection_id": "a59oqtvf8cebq41ka97c"
            },
            "deletion_protection": "unspecified",
            "generate_password": false,
            "grants": [],
            "id": "c9q13l4ojlrvsblncksq:fintech",
            "login": true,
            "name": "fintech",
            "password": "ChangeMe123!",
            "permission": [],
            "settings": {},
            "timeouts": null,
            "user_password_encryption": "USER_PASSWORD_ENCRYPTION_MD5"
          },
          "sensitive_attributes": [
            [
              {
                "type": "get_attr",
                "value": "password"
              }
            ]
          ],
          "identity_schema_version": 0,
          "private": "eyJlMmJmYjczMC1lY2FhLTExZTYtOGY4OC0zNDM2M2JjN2M0YzAiOnsiY3JlYXRlIjo2MDAwMDAwMDAwMDAsImRlbGV0ZSI6NjAwMDAwMDAwMDAwLCJyZWFkIjo2MDAwMDAwMDAwMCwidXBkYXRlIjo2MDAwMDAwMDAwMDB9fQ==",
          "dependencies": [
            "yandex_mdb_postgresql_cluster.domain",
            "yandex_vpc_gateway.nat",
            "yandex_vpc_network.main",
            "yandex_vpc_route_table.private",
            "yandex_vpc_security_group.db",
            "yandex_vpc_subnet.data"
          ]
        }
      ]
    },
    {
      "mode": "managed",
      "type": "yandex_vpc_gateway",
      "name": "nat",
      "provider": "provider[\"registry.terraform.io/yandex-cloud/yandex\"]",
      "instances": [
        {
          "schema_version": 0,
          "attributes": {
            "created_at": "2026-04-05T18:53:57Z",
            "description": "",
            "folder_id": "b1gom1kd1d911i28djs8",
            "id": "enpkq15h6hb79ih9vh57",
            "labels": {},
            "name": "future2-prod-nat-gateway",
            "shared_egress_gateway": [
              {}
            ],
            "timeouts": null
          },
          "sensitive_attributes": [],
          "identity_schema_version": 0,
          "private": "eyJlMmJmYjczMC1lY2FhLTExZTYtOGY4OC0zNDM2M2JjN2M0YzAiOnsiY3JlYXRlIjo2MDAwMDAwMDAwMCwiZGVsZXRlIjo2MDAwMDAwMDAwMCwidXBkYXRlIjo2MDAwMDAwMDAwMH19"
        }
      ]
    },
    {
      "mode": "managed",
      "type": "yandex_vpc_network",
      "name": "main",
      "provider": "provider[\"registry.terraform.io/yandex-cloud/yandex\"]",
      "instances": [
        {
          "schema_version": 0,
          "attributes": {
            "created_at": "2026-04-05T18:53:57Z",
            "default_security_group_id": "enpfq0upmrf8lkv41a2e",
            "description": "",
            "folder_id": "b1gom1kd1d911i28djs8",
            "id": "enpog6b4pojietgaq29o",
            "labels": {
              "environment": "prod",
              "managed_by": "terraform",
              "project": "future2"
            },
            "name": "future2-prod-network",
            "subnet_ids": [
              "e9b7shi9156tmhqvqin4",
              "e9b9ls20iuri5inkm8b7",
              "e9bcp35snkmums38ee8k",
              "e9behv2btnash74ngqnq"
            ],
            "timeouts": null
          },
          "sensitive_attributes": [],
          "identity_schema_version": 0,
          "private": "eyJlMmJmYjczMC1lY2FhLTExZTYtOGY4OC0zNDM2M2JjN2M0YzAiOnsiY3JlYXRlIjo2MDAwMDAwMDAwMCwiZGVsZXRlIjo2MDAwMDAwMDAwMCwidXBkYXRlIjo2MDAwMDAwMDAwMH19"
        }
      ]
    },
    {
      "mode": "managed",
      "type": "yandex_vpc_route_table",
      "name": "private",
      "provider": "provider[\"registry.terraform.io/yandex-cloud/yandex\"]",
      "instances": [
        {
          "schema_version": 0,
          "attributes": {
            "created_at": "2026-04-05T18:54:01Z",
            "description": "",
            "folder_id": "b1gom1kd1d911i28djs8",
            "id": "enpo01c82sl7m7nidoba",
            "labels": {},
            "name": "future2-prod-route-private",
            "network_id": "enpog6b4pojietgaq29o",
            "static_route": [
              {
                "destination_prefix": "0.0.0.0/0",
                "gateway_id": "enpkq15h6hb79ih9vh57",
                "next_hop_address": ""
              }
            ],
            "timeouts": null
          },
          "sensitive_attributes": [],
          "identity_schema_version": 0,
          "private": "eyJlMmJmYjczMC1lY2FhLTExZTYtOGY4OC0zNDM2M2JjN2M0YzAiOnsiY3JlYXRlIjoxODAwMDAwMDAwMDAsImRlbGV0ZSI6MTgwMDAwMDAwMDAwLCJ1cGRhdGUiOjE4MDAwMDAwMDAwMH19",
          "dependencies": [
            "yandex_vpc_gateway.nat",
            "yandex_vpc_network.main"
          ]
        }
      ]
    },
    {
      "mode": "managed",
      "type": "yandex_vpc_security_group",
      "name": "alb",
      "provider": "provider[\"registry.terraform.io/yandex-cloud/yandex\"]",
      "instances": [
        {
          "schema_version": 0,
          "attributes": {
            "created_at": "2026-04-05T18:54:06Z",
            "description": "",
            "egress": [
              {
                "description": "К ВМ приложений",
                "from_port": -1,
                "id": "enpk8km0asuva67ko0jl",
                "labels": {},
                "port": 8080,
                "predefined_target": "",
                "protocol": "TCP",
                "security_group_id": "",
                "to_port": -1,
                "v4_cidr_blocks": [
                  "10.0.2.0/24"
                ],
                "v6_cidr_blocks": []
              }
            ],
            "folder_id": "b1gom1kd1d911i28djs8",
            "id": "enptqh536dpss0n89ia0",
            "ingress": [
              {
                "description": "HTTP (редирект на HTTPS)",
                "from_port": -1,
                "id": "enprtbphs2ab37bu771c",
                "labels": {},
                "port": 80,
                "predefined_target": "",
                "protocol": "TCP",
                "security_group_id": "",
                "to_port": -1,
                "v4_cidr_blocks": [
                  "0.0.0.0/0"
                ],
                "v6_cidr_blocks": []
              },
              {
                "description": "HTTPS от всех (публичный балансировщик)",
                "from_port": -1,
                "id": "enp10321uu2pb13c2msk",
                "labels": {},
                "port": 443,
                "predefined_target": "",
                "protocol": "TCP",
                "security_group_id": "",
                "to_port": -1,
                "v4_cidr_blocks": [
                  "0.0.0.0/0"
                ],
                "v6_cidr_blocks": []
              },
              {
                "description": "Health check от Yandex ALB",
                "from_port": 0,
                "id": "enp2f6o5lm58j3hebdif",
                "labels": {},
                "port": -1,
                "predefined_target": "",
                "protocol": "TCP",
                "security_group_id": "",
                "to_port": 65535,
                "v4_cidr_blocks": [
                  "198.18.235.0/24",
                  "198.18.248.0/24"
                ],
                "v6_cidr_blocks": []
              }
            ],
            "labels": {
              "environment": "prod",
              "managed_by": "terraform",
              "project": "future2"
            },
            "name": "future2-prod-sg-alb",
            "network_id": "enpog6b4pojietgaq29o",
            "status": "ACTIVE",
            "timeouts": null
          },
          "sensitive_attributes": [],
          "identity_schema_version": 0,
          "private": "eyJlMmJmYjczMC1lY2FhLTExZTYtOGY4OC0zNDM2M2JjN2M0YzAiOnsiY3JlYXRlIjoxODAwMDAwMDAwMDAsImRlbGV0ZSI6MTgwMDAwMDAwMDAwLCJ1cGRhdGUiOjE4MDAwMDAwMDAwMH19",
          "dependencies": [
            "yandex_vpc_network.main"
          ]
        }
      ]
    },
    {
      "mode": "managed",
      "type": "yandex_vpc_security_group",
      "name": "app",
      "provider": "provider[\"registry.terraform.io/yandex-cloud/yandex\"]",
      "instances": [
        {
          "schema_version": 0,
          "attributes": {
            "created_at": "2026-04-05T18:54:12Z",
            "description": "",
            "egress": [
              {
                "description": "HTTPS наружу (через NAT): обновления, внешние API",
                "from_port": -1,
                "id": "enphd26j1u9412ac34rm",
                "labels": {},
                "port": 443,
                "predefined_target": "",
                "protocol": "TCP",
                "security_group_id": "",
                "to_port": -1,
                "v4_cidr_blocks": [
                  "0.0.0.0/0"
                ],
                "v6_cidr_blocks": []
              },
              {
                "description": "Доступ к Kafka",
                "from_port": 9092,
                "id": "enp6astskcj8t6282hff",
                "labels": {},
                "port": -1,
                "predefined_target": "",
                "protocol": "TCP",
                "security_group_id": "",
                "to_port": 9093,
                "v4_cidr_blocks": [
                  "10.0.2.0/24"
                ],
                "v6_cidr_blocks": []
              },
              {
                "description": "Доступ к БД",
                "from_port": -1,
                "id": "enpooo5cb50da2ei3g7h",
                "labels": {},
                "port": 5432,
                "predefined_target": "",
                "protocol": "TCP",
                "security_group_id": "",
                "to_port": -1,
                "v4_cidr_blocks": [
                  "10.0.3.0/24"
                ],
                "v6_cidr_blocks": []
              }
            ],
            "folder_id": "b1gom1kd1d911i28djs8",
            "id": "enprfp585m9asjlll7dh",
            "ingress": [
              {
                "description": "HTTP/HTTPS от балансировщика",
                "from_port": -1,
                "id": "enp78050i8b1bj354efa",
                "labels": {},
                "port": 8080,
                "predefined_target": "",
                "protocol": "TCP",
                "security_group_id": "enptqh536dpss0n89ia0",
                "to_port": -1,
                "v4_cidr_blocks": [],
                "v6_cidr_blocks": []
              },
              {
                "description": "SSH от Bastion",
                "from_port": -1,
                "id": "enp4t3raqacpqvjscp0q",
                "labels": {},
                "port": 22,
                "predefined_target": "",
                "protocol": "TCP",
                "security_group_id": "",
                "to_port": -1,
                "v4_cidr_blocks": [
                  "10.0.4.0/24"
                ],
                "v6_cidr_blocks": []
              }
            ],
            "labels": {
              "environment": "prod",
              "managed_by": "terraform",
              "project": "future2"
            },
            "name": "future2-prod-sg-app",
            "network_id": "enpog6b4pojietgaq29o",
            "status": "ACTIVE",
            "timeouts": null
          },
          "sensitive_attributes": [],
          "identity_schema_version": 0,
          "private": "eyJlMmJmYjczMC1lY2FhLTExZTYtOGY4OC0zNDM2M2JjN2M0YzAiOnsiY3JlYXRlIjoxODAwMDAwMDAwMDAsImRlbGV0ZSI6MTgwMDAwMDAwMDAwLCJ1cGRhdGUiOjE4MDAwMDAwMDAwMH19",
          "dependencies": [
            "yandex_vpc_network.main",
            "yandex_vpc_security_group.alb"
          ]
        }
      ]
    },
    {
      "mode": "managed",
      "type": "yandex_vpc_security_group",
      "name": "bastion",
      "provider": "provider[\"registry.terraform.io/yandex-cloud/yandex\"]",
      "instances": [
        {
          "schema_version": 0,
          "attributes": {
            "created_at": "2026-04-05T18:54:04Z",
            "description": "",
            "egress": [
              {
                "description": "Исходящий трафик внутри сети",
                "from_port": -1,
                "id": "enp9t0lpbbspr7q46qv9",
                "labels": {},
                "port": -1,
                "predefined_target": "",
                "protocol": "ANY",
                "security_group_id": "",
                "to_port": -1,
                "v4_cidr_blocks": [
                  "10.0.0.0/16"
                ],
                "v6_cidr_blocks": []
              }
            ],
            "folder_id": "b1gom1kd1d911i28djs8",
            "id": "enp8r62ijv2ugpt9ao9i",
            "ingress": [
              {
                "description": "SSH только с доверенного IP",
                "from_port": -1,
                "id": "enpmqsh16npc16p0vjnf",
                "labels": {},
                "port": 22,
                "predefined_target": "",
                "protocol": "TCP",
                "security_group_id": "",
                "to_port": -1,
                "v4_cidr_blocks": [
                  "203.0.113.0/32"
                ],
                "v6_cidr_blocks": []
              }
            ],
            "labels": {
              "environment": "prod",
              "managed_by": "terraform",
              "project": "future2"
            },
            "name": "future2-prod-sg-bastion",
            "network_id": "enpog6b4pojietgaq29o",
            "status": "ACTIVE",
            "timeouts": null
          },
          "sensitive_attributes": [],
          "identity_schema_version": 0,
          "private": "eyJlMmJmYjczMC1lY2FhLTExZTYtOGY4OC0zNDM2M2JjN2M0YzAiOnsiY3JlYXRlIjoxODAwMDAwMDAwMDAsImRlbGV0ZSI6MTgwMDAwMDAwMDAwLCJ1cGRhdGUiOjE4MDAwMDAwMDAwMH19",
          "dependencies": [
            "yandex_vpc_network.main"
          ]
        }
      ]
    },
    {
      "mode": "managed",
      "type": "yandex_vpc_security_group",
      "name": "db",
      "provider": "provider[\"registry.terraform.io/yandex-cloud/yandex\"]",
      "instances": [
        {
          "schema_version": 0,
          "attributes": {
            "created_at": "2026-04-05T18:54:02Z",
            "description": "",
            "egress": [],
            "folder_id": "b1gom1kd1d911i28djs8",
            "id": "enpjogarrflieq327lk3",
            "ingress": [
              {
                "description": "PostgreSQL только из подсети приложений",
                "from_port": -1,
                "id": "enpfk4lj4g9h7tbnbra2",
                "labels": {},
                "port": 5432,
                "predefined_target": "",
                "protocol": "TCP",
                "security_group_id": "",
                "to_port": -1,
                "v4_cidr_blocks": [
                  "10.0.2.0/24"
                ],
                "v6_cidr_blocks": []
              }
            ],
            "labels": {
              "environment": "prod",
              "managed_by": "terraform",
              "project": "future2"
            },
            "name": "future2-prod-sg-db",
            "network_id": "enpog6b4pojietgaq29o",
            "status": "ACTIVE",
            "timeouts": null
          },
          "sensitive_attributes": [],
          "identity_schema_version": 0,
          "private": "eyJlMmJmYjczMC1lY2FhLTExZTYtOGY4OC0zNDM2M2JjN2M0YzAiOnsiY3JlYXRlIjoxODAwMDAwMDAwMDAsImRlbGV0ZSI6MTgwMDAwMDAwMDAwLCJ1cGRhdGUiOjE4MDAwMDAwMDAwMH19",
          "dependencies": [
            "yandex_vpc_network.main"
          ]
        }
      ]
    },
    {
      "mode": "managed",
      "type": "yandex_vpc_security_group",
      "name": "kafka",
      "provider": "provider[\"registry.terraform.io/yandex-cloud/yandex\"]",
      "instances": [
        {
          "schema_version": 0,
          "attributes": {
            "created_at": "2026-04-05T18:54:08Z",
            "description": "",
            "egress": [
              {
                "description": "Исходящий внутри сети",
                "from_port": -1,
                "id": "enp4phd9kjjgj9nclunn",
                "labels": {},
                "port": -1,
                "predefined_target": "",
                "protocol": "ANY",
                "security_group_id": "",
                "to_port": -1,
                "v4_cidr_blocks": [
                  "10.0.0.0/16"
                ],
                "v6_cidr_blocks": []
              }
            ],
            "folder_id": "b1gom1kd1d911i28djs8",
            "id": "enpp6q1ca95t37adad40",
            "ingress": [
              {
                "description": "Kafka TLS от приложений",
                "from_port": -1,
                "id": "enp2un3aviudemil2mbd",
                "labels": {},
                "port": 9093,
                "predefined_target": "",
                "protocol": "TCP",
                "security_group_id": "",
                "to_port": -1,
                "v4_cidr_blocks": [
                  "10.0.2.0/24"
                ],
                "v6_cidr_blocks": []
              },
              {
                "description": "Kafka от приложений",
                "from_port": -1,
                "id": "enp2b23n7hjje4c9m8di",
                "labels": {},
                "port": 9092,
                "predefined_target": "",
                "protocol": "TCP",
                "security_group_id": "",
                "to_port": -1,
                "v4_cidr_blocks": [
                  "10.0.2.0/24"
                ],
                "v6_cidr_blocks": []
              },
              {
                "description": "SSH от Bastion",
                "from_port": -1,
                "id": "enpsg5lvkhsfa2iafqba",
                "labels": {},
                "port": 22,
                "predefined_target": "",
                "protocol": "TCP",
                "security_group_id": "",
                "to_port": -1,
                "v4_cidr_blocks": [
                  "10.0.4.0/24"
                ],
                "v6_cidr_blocks": []
              },
              {
                "description": "Репликация между брокерами",
                "from_port": -1,
                "id": "enpje9onarfg0g5jtt80",
                "labels": {},
                "port": 9091,
                "predefined_target": "",
                "protocol": "TCP",
                "security_group_id": "",
                "to_port": -1,
                "v4_cidr_blocks": [
                  "10.0.2.0/24"
                ],
                "v6_cidr_blocks": []
              }
            ],
            "labels": {
              "environment": "prod",
              "managed_by": "terraform",
              "project": "future2"
            },
            "name": "future2-prod-sg-kafka",
            "network_id": "enpog6b4pojietgaq29o",
            "status": "ACTIVE",
            "timeouts": null
          },
          "sensitive_attributes": [],
          "identity_schema_version": 0,
          "private": "eyJlMmJmYjczMC1lY2FhLTExZTYtOGY4OC0zNDM2M2JjN2M0YzAiOnsiY3JlYXRlIjoxODAwMDAwMDAwMDAsImRlbGV0ZSI6MTgwMDAwMDAwMDAwLCJ1cGRhdGUiOjE4MDAwMDAwMDAwMH19",
          "dependencies": [
            "yandex_vpc_network.main"
          ]
        }
      ]
    },
    {
      "mode": "managed",
      "type": "yandex_vpc_subnet",
      "name": "app",
      "provider": "provider[\"registry.terraform.io/yandex-cloud/yandex\"]",
      "instances": [
        {
          "schema_version": 0,
          "attributes": {
            "created_at": "2026-04-05T18:54:03Z",
            "description": "",
            "dhcp_options": [],
            "folder_id": "b1gom1kd1d911i28djs8",
            "id": "e9b9ls20iuri5inkm8b7",
            "labels": {
              "environment": "prod",
              "managed_by": "terraform",
              "project": "future2"
            },
            "name": "future2-prod-subnet-app",
            "network_id": "enpog6b4pojietgaq29o",
            "route_table_id": "enpo01c82sl7m7nidoba",
            "timeouts": null,
            "v4_cidr_blocks": [
              "10.0.2.0/24"
            ],
            "v6_cidr_blocks": [],
            "zone": "ru-central1-a"
          },
          "sensitive_attributes": [],
          "identity_schema_version": 0,
          "private": "eyJlMmJmYjczMC1lY2FhLTExZTYtOGY4OC0zNDM2M2JjN2M0YzAiOnsiY3JlYXRlIjoxODAwMDAwMDAwMDAsImRlbGV0ZSI6MTgwMDAwMDAwMDAwLCJ1cGRhdGUiOjE4MDAwMDAwMDAwMH19",
          "dependencies": [
            "yandex_vpc_gateway.nat",
            "yandex_vpc_network.main",
            "yandex_vpc_route_table.private"
          ]
        }
      ]
    },
    {
      "mode": "managed",
      "type": "yandex_vpc_subnet",
      "name": "data",
      "provider": "provider[\"registry.terraform.io/yandex-cloud/yandex\"]",
      "instances": [
        {
          "schema_version": 0,
          "attributes": {
            "created_at": "2026-04-05T18:54:02Z",
            "description": "",
            "dhcp_options": [],
            "folder_id": "b1gom1kd1d911i28djs8",
            "id": "e9bcp35snkmums38ee8k",
            "labels": {
              "environment": "prod",
              "managed_by": "terraform",
              "project": "future2"
            },
            "name": "future2-prod-subnet-data",
            "network_id": "enpog6b4pojietgaq29o",
            "route_table_id": "enpo01c82sl7m7nidoba",
            "timeouts": null,
            "v4_cidr_blocks": [
              "10.0.3.0/24"
            ],
            "v6_cidr_blocks": [],
            "zone": "ru-central1-a"
          },
          "sensitive_attributes": [],
          "identity_schema_version": 0,
          "private": "eyJlMmJmYjczMC1lY2FhLTExZTYtOGY4OC0zNDM2M2JjN2M0YzAiOnsiY3JlYXRlIjoxODAwMDAwMDAwMDAsImRlbGV0ZSI6MTgwMDAwMDAwMDAwLCJ1cGRhdGUiOjE4MDAwMDAwMDAwMH19",
          "dependencies": [
            "yandex_vpc_gateway.nat",
            "yandex_vpc_network.main",
            "yandex_vpc_route_table.private"
          ]
        }
      ]
    },
    {
      "mode": "managed",
      "type": "yandex_vpc_subnet",
      "name": "mgmt",
      "provider": "provider[\"registry.terraform.io/yandex-cloud/yandex\"]",
      "instances": [
        {
          "schema_version": 0,
          "attributes": {
            "created_at": "2026-04-05T18:54:00Z",
            "description": "",
            "dhcp_options": [],
            "folder_id": "b1gom1kd1d911i28djs8",
            "id": "e9behv2btnash74ngqnq",
            "labels": {
              "environment": "prod",
              "managed_by": "terraform",
              "project": "future2"
            },
            "name": "future2-prod-subnet-mgmt",
            "network_id": "enpog6b4pojietgaq29o",
            "route_table_id": "",
            "timeouts": null,
            "v4_cidr_blocks": [
              "10.0.4.0/24"
            ],
            "v6_cidr_blocks": [],
            "zone": "ru-central1-a"
          },
          "sensitive_attributes": [],
          "identity_schema_version": 0,
          "private": "eyJlMmJmYjczMC1lY2FhLTExZTYtOGY4OC0zNDM2M2JjN2M0YzAiOnsiY3JlYXRlIjoxODAwMDAwMDAwMDAsImRlbGV0ZSI6MTgwMDAwMDAwMDAwLCJ1cGRhdGUiOjE4MDAwMDAwMDAwMH19",
          "dependencies": [
            "yandex_vpc_network.main"
          ]
        }
      ]
    },
    {
      "mode": "managed",
      "type": "yandex_vpc_subnet",
      "name": "public",
      "provider": "provider[\"registry.terraform.io/yandex-cloud/yandex\"]",
      "instances": [
        {
          "schema_version": 0,
          "attributes": {
            "created_at": "2026-04-05T18:54:00Z",
            "description": "",
            "dhcp_options": [],
            "folder_id": "b1gom1kd1d911i28djs8",
            "id": "e9b7shi9156tmhqvqin4",
            "labels": {
              "environment": "prod",
              "managed_by": "terraform",
              "project": "future2"
            },
            "name": "future2-prod-subnet-public",
            "network_id": "enpog6b4pojietgaq29o",
            "route_table_id": "",
            "timeouts": null,
            "v4_cidr_blocks": [
              "10.0.1.0/24"
            ],
            "v6_cidr_blocks": [],
            "zone": "ru-central1-a"
          },
          "sensitive_attributes": [],
          "identity_schema_version": 0,
          "private": "eyJlMmJmYjczMC1lY2FhLTExZTYtOGY4OC0zNDM2M2JjN2M0YzAiOnsiY3JlYXRlIjoxODAwMDAwMDAwMDAsImRlbGV0ZSI6MTgwMDAwMDAwMDAwLCJ1cGRhdGUiOjE4MDAwMDAwMDAwMH19",
          "dependencies": [
            "yandex_vpc_network.main"
          ]
        }
      ]
    }
  ],
  "check_results": null
}
